// !$*UTF8*$!
{
	archiveVersion = 1;
	classes = {
	};
	objectVersion = 52;
	objects = {

/* Begin PBXBuildFile section */
		C72823D224A84585007569EC /* chincoteague.jpg in Resources */ = {isa = PBXBuildFile; fileRef = C74702BA24A63B4200D0E9DA /* chincoteague.jpg */; };
		C72823D324A84585007569EC /* rainbowlake.jpg in Resources */ = {isa = PBXBuildFile; fileRef = C74702BE24A63B4200D0E9DA /* rainbowlake.jpg */; };
		C72823D424A84585007569EC /* stmarylake.jpg in Resources */ = {isa = PBXBuildFile; fileRef = C74702BD24A63B4200D0E9DA /* stmarylake.jpg */; };
		C72823D524A84585007569EC /* twinlake.jpg in Resources */ = {isa = PBXBuildFile; fileRef = C74702B924A63B4200D0E9DA /* twinlake.jpg */; };
		C72823D624A84585007569EC /* turtlerock.jpg in Resources */ = {isa = PBXBuildFile; fileRef = C74702BF24A63B4200D0E9DA /* turtlerock.jpg */; };
		C72823D724A84585007569EC /* chilkoottrail.jpg in Resources */ = {isa = PBXBuildFile; fileRef = C74702BC24A63B4200D0E9DA /* chilkoottrail.jpg */; };
		C72823D824A84585007569EC /* lakemcdonald.jpg in Resources */ = {isa = PBXBuildFile; fileRef = C74702B724A63B4200D0E9DA /* lakemcdonald.jpg */; };
		C72823D924A84585007569EC /* stmarylake_feature.jpg in Resources */ = {isa = PBXBuildFile; fileRef = C7B0F1E924A758A800965874 /* stmarylake_feature.jpg */; };
		C72823DA24A84585007569EC /* hikeData.json in Resources */ = {isa = PBXBuildFile; fileRef = C79A774224A6F6A90070D9B8 /* hikeData.json */; };
		C72823DB24A84585007569EC /* umbagog.jpg in Resources */ = {isa = PBXBuildFile; fileRef = C74702C024A63B4200D0E9DA /* umbagog.jpg */; };
		C72823DC24A84585007569EC /* landmarkData.json in Resources */ = {isa = PBXBuildFile; fileRef = C74702A324A6297F00D0E9DA /* landmarkData.json */; };
		C72823DD24A84585007569EC /* turtlerock_feature.jpg in Resources */ = {isa = PBXBuildFile; fileRef = C7B0F1EB24A758A800965874 /* turtlerock_feature.jpg */; };
		C72823DE24A84585007569EC /* silversalmoncreek.jpg in Resources */ = {isa = PBXBuildFile; fileRef = C74702B824A63B4200D0E9DA /* silversalmoncreek.jpg */; };
		C72823DF24A84585007569EC /* charleyrivers_feature.jpg in Resources */ = {isa = PBXBuildFile; fileRef = C7B0F1EA24A758A800965874 /* charleyrivers_feature.jpg */; };
		C72823E024A84585007569EC /* charleyrivers.jpg in Resources */ = {isa = PBXBuildFile; fileRef = C74702B624A63B4200D0E9DA /* charleyrivers.jpg */; };
		C72823E124A84585007569EC /* hiddenlake.jpg in Resources */ = {isa = PBXBuildFile; fileRef = C74702BB24A63B4200D0E9DA /* hiddenlake.jpg */; };
		C72823E224A84585007569EC /* icybay.jpg in Resources */ = {isa = PBXBuildFile; fileRef = C74702C124A63B4200D0E9DA /* icybay.jpg */; };
		C72823E524A84641007569EC /* LandmarkRow.swift in Sources */ = {isa = PBXBuildFile; fileRef = C72823E424A84641007569EC /* LandmarkRow.swift */; };
		C72823E724A84795007569EC /* Assets.xcassets in Resources */ = {isa = PBXBuildFile; fileRef = C72823E624A84795007569EC /* Assets.xcassets */; };
		C72823E924A848FC007569EC /* LandmarkList.swift in Sources */ = {isa = PBXBuildFile; fileRef = C72823E824A848FC007569EC /* LandmarkList.swift */; };
		C72823EB24A849BF007569EC /* Filter.swift in Sources */ = {isa = PBXBuildFile; fileRef = C72823EA24A849BF007569EC /* Filter.swift */; };
		C72823ED24A84BC0007569EC /* NavigationPrimary.swift in Sources */ = {isa = PBXBuildFile; fileRef = C72823EC24A84BC0007569EC /* NavigationPrimary.swift */; };
		C72823EE24A8713B007569EC /* CircleImage.swift in Sources */ = {isa = PBXBuildFile; fileRef = C74702A624A6297F00D0E9DA /* CircleImage.swift */; };
		C72823EF24A87230007569EC /* MapView.swift in Sources */ = {isa = PBXBuildFile; fileRef = C74702A524A6297F00D0E9DA /* MapView.swift */; };
		C72823F124A8740F007569EC /* NavigationDetail.swift in Sources */ = {isa = PBXBuildFile; fileRef = C72823F024A8740E007569EC /* NavigationDetail.swift */; };
		C72823F524A89CE6007569EC /* MapView+Extension.swift in Sources */ = {isa = PBXBuildFile; fileRef = C72823F424A89CE6007569EC /* MapView+Extension.swift */; };
		C72823F724A89D55007569EC /* MapView+Extension.swift in Sources */ = {isa = PBXBuildFile; fileRef = C72823F624A89D55007569EC /* MapView+Extension.swift */; };
		C72823F924A89F43007569EC /* ContentView.swift in Sources */ = {isa = PBXBuildFile; fileRef = C72823F824A89F43007569EC /* ContentView.swift */; };
		C72823FB24A8A05C007569EC /* ContentView.swift in Sources */ = {isa = PBXBuildFile; fileRef = C72823FA24A8A05C007569EC /* ContentView.swift */; };
		C743A46B24A75CF200AB5C36 /* PageControl.swift in Sources */ = {isa = PBXBuildFile; fileRef = C743A46A24A75CF200AB5C36 /* PageControl.swift */; };
		C743A47224A75F9D00AB5C36 /* Assets.xcassets in Resources */ = {isa = PBXBuildFile; fileRef = C743A47124A75F9D00AB5C36 /* Assets.xcassets */; };
		C743A47924A75F9E00AB5C36 /* watchOS Extension.appex in Embed App Extensions */ = {isa = PBXBuildFile; fileRef = C743A47824A75F9E00AB5C36 /* watchOS Extension.appex */; settings = {ATTRIBUTES = (RemoveHeadersOnCopy, ); }; };
		C743A47E24A75F9E00AB5C36 /* MySwiftAppApp.swift in Sources */ = {isa = PBXBuildFile; fileRef = C743A47D24A75F9E00AB5C36 /* MySwiftAppApp.swift */; };
		C743A48024A75F9E00AB5C36 /* ContentView.swift in Sources */ = {isa = PBXBuildFile; fileRef = C743A47F24A75F9E00AB5C36 /* ContentView.swift */; };
		C743A48224A75F9E00AB5C36 /* NotificationController.swift in Sources */ = {isa = PBXBuildFile; fileRef = C743A48124A75F9E00AB5C36 /* NotificationController.swift */; };
		C743A48424A75F9E00AB5C36 /* NotificationView.swift in Sources */ = {isa = PBXBuildFile; fileRef = C743A48324A75F9E00AB5C36 /* NotificationView.swift */; };
		C743A48624A75F9E00AB5C36 /* Assets.xcassets in Resources */ = {isa = PBXBuildFile; fileRef = C743A48524A75F9E00AB5C36 /* Assets.xcassets */; };
		C743A48924A75F9E00AB5C36 /* Preview Assets.xcassets in Resources */ = {isa = PBXBuildFile; fileRef = C743A48824A75F9E00AB5C36 /* Preview Assets.xcassets */; };
		C743A48E24A75F9E00AB5C36 /* watchOS.app in Embed Watch Content */ = {isa = PBXBuildFile; fileRef = C743A46F24A75F9B00AB5C36 /* watchOS.app */; platformFilter = ios; settings = {ATTRIBUTES = (RemoveHeadersOnCopy, ); }; };
		C743A49724A7605D00AB5C36 /* Landmark.swift in Sources */ = {isa = PBXBuildFile; fileRef = C74702A124A6297F00D0E9DA /* Landmark.swift */; };
		C743A49824A7605D00AB5C36 /* Hike.swift in Sources */ = {isa = PBXBuildFile; fileRef = C79A773F24A6F65E0070D9B8 /* Hike.swift */; };
		C743A49924A7605D00AB5C36 /* Profile.swift in Sources */ = {isa = PBXBuildFile; fileRef = C79A776024A72AF20070D9B8 /* Profile.swift */; };
		C743A49A24A7605D00AB5C36 /* CircleImage.swift in Sources */ = {isa = PBXBuildFile; fileRef = C74702A624A6297F00D0E9DA /* CircleImage.swift */; };
		C743A49B24A7605D00AB5C36 /* Data.swift in Sources */ = {isa = PBXBuildFile; fileRef = C74702A024A6297F00D0E9DA /* Data.swift */; };
		C743A49C24A7605D00AB5C36 /* UserData.swift in Sources */ = {isa = PBXBuildFile; fileRef = C79A772A24A65E180070D9B8 /* UserData.swift */; };
		C743A49D24A7605D00AB5C36 /* LandmarkRow.swift in Sources */ = {isa = PBXBuildFile; fileRef = C74702A724A6297F00D0E9DA /* LandmarkRow.swift */; };
		C743A49E24A7606900AB5C36 /* Assets.xcassets in Resources */ = {isa = PBXBuildFile; fileRef = C747026324A6288100D0E9DA /* Assets.xcassets */; };
		C743A49F24A7607000AB5C36 /* charleyrivers_feature.jpg in Resources */ = {isa = PBXBuildFile; fileRef = C7B0F1EA24A758A800965874 /* charleyrivers_feature.jpg */; };
		C743A4A024A7607000AB5C36 /* umbagog.jpg in Resources */ = {isa = PBXBuildFile; fileRef = C74702C024A63B4200D0E9DA /* umbagog.jpg */; };
		C743A4A124A7607000AB5C36 /* stmarylake.jpg in Resources */ = {isa = PBXBuildFile; fileRef = C74702BD24A63B4200D0E9DA /* stmarylake.jpg */; };
		C743A4A224A7607000AB5C36 /* hikeData.json in Resources */ = {isa = PBXBuildFile; fileRef = C79A774224A6F6A90070D9B8 /* hikeData.json */; };
		C743A4A324A7607000AB5C36 /* lakemcdonald.jpg in Resources */ = {isa = PBXBuildFile; fileRef = C74702B724A63B4200D0E9DA /* lakemcdonald.jpg */; };
		C743A4A424A7607000AB5C36 /* charleyrivers.jpg in Resources */ = {isa = PBXBuildFile; fileRef = C74702B624A63B4200D0E9DA /* charleyrivers.jpg */; };
		C743A4A524A7607000AB5C36 /* chincoteague.jpg in Resources */ = {isa = PBXBuildFile; fileRef = C74702BA24A63B4200D0E9DA /* chincoteague.jpg */; };
		C743A4A624A7607000AB5C36 /* turtlerock_feature.jpg in Resources */ = {isa = PBXBuildFile; fileRef = C7B0F1EB24A758A800965874 /* turtlerock_feature.jpg */; };
		C743A4A724A7607000AB5C36 /* stmarylake_feature.jpg in Resources */ = {isa = PBXBuildFile; fileRef = C7B0F1E924A758A800965874 /* stmarylake_feature.jpg */; };
		C743A4A824A7607000AB5C36 /* hiddenlake.jpg in Resources */ = {isa = PBXBuildFile; fileRef = C74702BB24A63B4200D0E9DA /* hiddenlake.jpg */; };
		C743A4A924A7607000AB5C36 /* icybay.jpg in Resources */ = {isa = PBXBuildFile; fileRef = C74702C124A63B4200D0E9DA /* icybay.jpg */; };
		C743A4AA24A7607000AB5C36 /* rainbowlake.jpg in Resources */ = {isa = PBXBuildFile; fileRef = C74702BE24A63B4200D0E9DA /* rainbowlake.jpg */; };
		C743A4AB24A7607000AB5C36 /* silversalmoncreek.jpg in Resources */ = {isa = PBXBuildFile; fileRef = C74702B824A63B4200D0E9DA /* silversalmoncreek.jpg */; };
		C743A4AC24A7607000AB5C36 /* turtlerock.jpg in Resources */ = {isa = PBXBuildFile; fileRef = C74702BF24A63B4200D0E9DA /* turtlerock.jpg */; };
		C743A4AD24A7607000AB5C36 /* landmarkData.json in Resources */ = {isa = PBXBuildFile; fileRef = C74702A324A6297F00D0E9DA /* landmarkData.json */; };
		C743A4AE24A7607000AB5C36 /* chilkoottrail.jpg in Resources */ = {isa = PBXBuildFile; fileRef = C74702BC24A63B4200D0E9DA /* chilkoottrail.jpg */; };
		C743A4AF24A7607000AB5C36 /* twinlake.jpg in Resources */ = {isa = PBXBuildFile; fileRef = C74702B924A63B4200D0E9DA /* twinlake.jpg */; };
		C743A4B124A7633D00AB5C36 /* LandmarkDetail.swift in Sources */ = {isa = PBXBuildFile; fileRef = C743A4B024A7633D00AB5C36 /* LandmarkDetail.swift */; };
		C743A4B324A7691D00AB5C36 /* WatchMapView.swift in Sources */ = {isa = PBXBuildFile; fileRef = C743A4B224A7691D00AB5C36 /* WatchMapView.swift */; };
		C743A4B424A7712E00AB5C36 /* LandmarkList.swift in Sources */ = {isa = PBXBuildFile; fileRef = C74702DA24A63CB500D0E9DA /* LandmarkList.swift */; };
		C747027D24A6288200D0E9DA /* Tests_iOS.swift in Sources */ = {isa = PBXBuildFile; fileRef = C747027C24A6288200D0E9DA /* Tests_iOS.swift */; };
		C747028824A6288200D0E9DA /* Tests_macOS.swift in Sources */ = {isa = PBXBuildFile; fileRef = C747028724A6288200D0E9DA /* Tests_macOS.swift */; };
		C747028A24A6288200D0E9DA /* MySwiftAppApp.swift in Sources */ = {isa = PBXBuildFile; fileRef = C747026124A6288000D0E9DA /* MySwiftAppApp.swift */; };
		C747028E24A6288200D0E9DA /* Assets.xcassets in Resources */ = {isa = PBXBuildFile; fileRef = C747026324A6288100D0E9DA /* Assets.xcassets */; };
		C747028F24A6288200D0E9DA /* Assets.xcassets in Resources */ = {isa = PBXBuildFile; fileRef = C747026324A6288100D0E9DA /* Assets.xcassets */; };
		C74702A824A6297F00D0E9DA /* LandmarkDetail.swift in Sources */ = {isa = PBXBuildFile; fileRef = C747029E24A6297F00D0E9DA /* LandmarkDetail.swift */; };
		C74702AA24A6297F00D0E9DA /* Data.swift in Sources */ = {isa = PBXBuildFile; fileRef = C74702A024A6297F00D0E9DA /* Data.swift */; };
		C74702AB24A6297F00D0E9DA /* Data.swift in Sources */ = {isa = PBXBuildFile; fileRef = C74702A024A6297F00D0E9DA /* Data.swift */; };
		C74702AC24A6297F00D0E9DA /* Landmark.swift in Sources */ = {isa = PBXBuildFile; fileRef = C74702A124A6297F00D0E9DA /* Landmark.swift */; };
		C74702AD24A6297F00D0E9DA /* Landmark.swift in Sources */ = {isa = PBXBuildFile; fileRef = C74702A124A6297F00D0E9DA /* Landmark.swift */; };
		C74702AE24A6297F00D0E9DA /* landmarkData.json in Resources */ = {isa = PBXBuildFile; fileRef = C74702A324A6297F00D0E9DA /* landmarkData.json */; };
		C74702B024A6297F00D0E9DA /* MapView.swift in Sources */ = {isa = PBXBuildFile; fileRef = C74702A524A6297F00D0E9DA /* MapView.swift */; };
		C74702B224A6297F00D0E9DA /* CircleImage.swift in Sources */ = {isa = PBXBuildFile; fileRef = C74702A624A6297F00D0E9DA /* CircleImage.swift */; };
		C74702B424A6297F00D0E9DA /* LandmarkRow.swift in Sources */ = {isa = PBXBuildFile; fileRef = C74702A724A6297F00D0E9DA /* LandmarkRow.swift */; };
		C74702C224A63B4200D0E9DA /* charleyrivers.jpg in Resources */ = {isa = PBXBuildFile; fileRef = C74702B624A63B4200D0E9DA /* charleyrivers.jpg */; };
		C74702C424A63B4200D0E9DA /* lakemcdonald.jpg in Resources */ = {isa = PBXBuildFile; fileRef = C74702B724A63B4200D0E9DA /* lakemcdonald.jpg */; };
		C74702C624A63B4200D0E9DA /* silversalmoncreek.jpg in Resources */ = {isa = PBXBuildFile; fileRef = C74702B824A63B4200D0E9DA /* silversalmoncreek.jpg */; };
		C74702C824A63B4200D0E9DA /* twinlake.jpg in Resources */ = {isa = PBXBuildFile; fileRef = C74702B924A63B4200D0E9DA /* twinlake.jpg */; };
		C74702CA24A63B4200D0E9DA /* chincoteague.jpg in Resources */ = {isa = PBXBuildFile; fileRef = C74702BA24A63B4200D0E9DA /* chincoteague.jpg */; };
		C74702CC24A63B4200D0E9DA /* hiddenlake.jpg in Resources */ = {isa = PBXBuildFile; fileRef = C74702BB24A63B4200D0E9DA /* hiddenlake.jpg */; };
		C74702CE24A63B4200D0E9DA /* chilkoottrail.jpg in Resources */ = {isa = PBXBuildFile; fileRef = C74702BC24A63B4200D0E9DA /* chilkoottrail.jpg */; };
		C74702D024A63B4200D0E9DA /* stmarylake.jpg in Resources */ = {isa = PBXBuildFile; fileRef = C74702BD24A63B4200D0E9DA /* stmarylake.jpg */; };
		C74702D224A63B4200D0E9DA /* rainbowlake.jpg in Resources */ = {isa = PBXBuildFile; fileRef = C74702BE24A63B4200D0E9DA /* rainbowlake.jpg */; };
		C74702D424A63B4200D0E9DA /* turtlerock.jpg in Resources */ = {isa = PBXBuildFile; fileRef = C74702BF24A63B4200D0E9DA /* turtlerock.jpg */; };
		C74702D624A63B4200D0E9DA /* umbagog.jpg in Resources */ = {isa = PBXBuildFile; fileRef = C74702C024A63B4200D0E9DA /* umbagog.jpg */; };
		C74702D824A63B4200D0E9DA /* icybay.jpg in Resources */ = {isa = PBXBuildFile; fileRef = C74702C124A63B4200D0E9DA /* icybay.jpg */; };
		C74702DB24A63CB500D0E9DA /* LandmarkList.swift in Sources */ = {isa = PBXBuildFile; fileRef = C74702DA24A63CB500D0E9DA /* LandmarkList.swift */; };
		C770C97024A9EA6500778C32 /* CPUWheel.swift in Sources */ = {isa = PBXBuildFile; fileRef = C770C96F24A9EA6500778C32 /* CPUWheel.swift */; };
		C770C97124A9EA6500778C32 /* CPUWheel.swift in Sources */ = {isa = PBXBuildFile; fileRef = C770C96F24A9EA6500778C32 /* CPUWheel.swift */; };
		C770C97324A9EBAC00778C32 /* MySwiftAppApp.swift in Sources */ = {isa = PBXBuildFile; fileRef = C770C97224A9EBAC00778C32 /* MySwiftAppApp.swift */; };
		C79A772B24A65E180070D9B8 /* UserData.swift in Sources */ = {isa = PBXBuildFile; fileRef = C79A772A24A65E180070D9B8 /* UserData.swift */; };
		C79A772C24A65E180070D9B8 /* UserData.swift in Sources */ = {isa = PBXBuildFile; fileRef = C79A772A24A65E180070D9B8 /* UserData.swift */; };
		C79A772E24A6DE9A0070D9B8 /* BadgeBackground.swift in Sources */ = {isa = PBXBuildFile; fileRef = C79A772D24A6DE9A0070D9B8 /* BadgeBackground.swift */; };
		C79A773124A6DF550070D9B8 /* HexagonParameters.swift in Sources */ = {isa = PBXBuildFile; fileRef = C79A773024A6DF550070D9B8 /* HexagonParameters.swift */; };
		C79A773224A6DF550070D9B8 /* HexagonParameters.swift in Sources */ = {isa = PBXBuildFile; fileRef = C79A773024A6DF550070D9B8 /* HexagonParameters.swift */; };
		C79A773424A6E2D10070D9B8 /* Badge.swift in Sources */ = {isa = PBXBuildFile; fileRef = C79A773324A6E2D10070D9B8 /* Badge.swift */; };
		C79A773724A6ED8A0070D9B8 /* BadgeSymbol.swift in Sources */ = {isa = PBXBuildFile; fileRef = C79A773624A6ED8A0070D9B8 /* BadgeSymbol.swift */; };
		C79A773A24A6EE200070D9B8 /* RotatedBadgeSymbol.swift in Sources */ = {isa = PBXBuildFile; fileRef = C79A773924A6EE200070D9B8 /* RotatedBadgeSymbol.swift */; };
		C79A773D24A6F2590070D9B8 /* HikeView.swift in Sources */ = {isa = PBXBuildFile; fileRef = C79A773C24A6F2590070D9B8 /* HikeView.swift */; };
		C79A774024A6F65E0070D9B8 /* Hike.swift in Sources */ = {isa = PBXBuildFile; fileRef = C79A773F24A6F65E0070D9B8 /* Hike.swift */; };
		C79A774124A6F65E0070D9B8 /* Hike.swift in Sources */ = {isa = PBXBuildFile; fileRef = C79A773F24A6F65E0070D9B8 /* Hike.swift */; };
		C79A774324A6F6A90070D9B8 /* hikeData.json in Resources */ = {isa = PBXBuildFile; fileRef = C79A774224A6F6A90070D9B8 /* hikeData.json */; };
		C79A774624A6F7BD0070D9B8 /* HikeGraph.swift in Sources */ = {isa = PBXBuildFile; fileRef = C79A774524A6F7BD0070D9B8 /* HikeGraph.swift */; };
		C79A774924A6F81E0070D9B8 /* GraphCapsule.swift in Sources */ = {isa = PBXBuildFile; fileRef = C79A774824A6F81E0070D9B8 /* GraphCapsule.swift */; };
		C79A774C24A6F8A70070D9B8 /* HikeDetail.swift in Sources */ = {isa = PBXBuildFile; fileRef = C79A774B24A6F8A70070D9B8 /* HikeDetail.swift */; };
		C79A774F24A706A40070D9B8 /* CategoryHome.swift in Sources */ = {isa = PBXBuildFile; fileRef = C79A774E24A706A40070D9B8 /* CategoryHome.swift */; };
		C79A775224A707460070D9B8 /* CategoryRow.swift in Sources */ = {isa = PBXBuildFile; fileRef = C79A775124A707460070D9B8 /* CategoryRow.swift */; };
		C79A775B24A7296E0070D9B8 /* DraggableView.swift in Sources */ = {isa = PBXBuildFile; fileRef = C79A775A24A7296E0070D9B8 /* DraggableView.swift */; };
		C79A775E24A72ACA0070D9B8 /* ProfileHost.swift in Sources */ = {isa = PBXBuildFile; fileRef = C79A775D24A72ACA0070D9B8 /* ProfileHost.swift */; };
		C79A776124A72AF20070D9B8 /* Profile.swift in Sources */ = {isa = PBXBuildFile; fileRef = C79A776024A72AF20070D9B8 /* Profile.swift */; };
		C79A776224A72AF20070D9B8 /* Profile.swift in Sources */ = {isa = PBXBuildFile; fileRef = C79A776024A72AF20070D9B8 /* Profile.swift */; };
		C79A776424A731680070D9B8 /* ProfileSummary.swift in Sources */ = {isa = PBXBuildFile; fileRef = C79A776324A731680070D9B8 /* ProfileSummary.swift */; };
		C79A776724A732B40070D9B8 /* HikeBadge.swift in Sources */ = {isa = PBXBuildFile; fileRef = C79A776624A732B40070D9B8 /* HikeBadge.swift */; };
		C79A776A24A7445C0070D9B8 /* ProfileEditor.swift in Sources */ = {isa = PBXBuildFile; fileRef = C79A776924A7445C0070D9B8 /* ProfileEditor.swift */; };
		C79A776D24A74EF90070D9B8 /* PageViewController.swift in Sources */ = {isa = PBXBuildFile; fileRef = C79A776C24A74EF90070D9B8 /* PageViewController.swift */; };
		C79A777024A750960070D9B8 /* PageView.swift in Sources */ = {isa = PBXBuildFile; fileRef = C79A776F24A750960070D9B8 /* PageView.swift */; };
		C79A777324A751550070D9B8 /* FeatureCard.swift in Sources */ = {isa = PBXBuildFile; fileRef = C79A777224A751550070D9B8 /* FeatureCard.swift */; };
		C7B0F1EC24A758A800965874 /* stmarylake_feature.jpg in Resources */ = {isa = PBXBuildFile; fileRef = C7B0F1E924A758A800965874 /* stmarylake_feature.jpg */; };
		C7B0F1EE24A758A800965874 /* charleyrivers_feature.jpg in Resources */ = {isa = PBXBuildFile; fileRef = C7B0F1EA24A758A800965874 /* charleyrivers_feature.jpg */; };
		C7B0F1F024A758A800965874 /* turtlerock_feature.jpg in Resources */ = {isa = PBXBuildFile; fileRef = C7B0F1EB24A758A800965874 /* turtlerock_feature.jpg */; };
/* End PBXBuildFile section */

/* Begin PBXContainerItemProxy section */
		C743A47A24A75F9E00AB5C36 /* PBXContainerItemProxy */ = {
			isa = PBXContainerItemProxy;
			containerPortal = C747025C24A6288000D0E9DA /* Project object */;
			proxyType = 1;
			remoteGlobalIDString = C743A47724A75F9E00AB5C36;
			remoteInfo = "watchOS Extension";
		};
		C743A48C24A75F9E00AB5C36 /* PBXContainerItemProxy */ = {
			isa = PBXContainerItemProxy;
			containerPortal = C747025C24A6288000D0E9DA /* Project object */;
			proxyType = 1;
			remoteGlobalIDString = C743A46E24A75F9B00AB5C36;
			remoteInfo = watchOS;
		};
		C747027924A6288200D0E9DA /* PBXContainerItemProxy */ = {
			isa = PBXContainerItemProxy;
			containerPortal = C747025C24A6288000D0E9DA /* Project object */;
			proxyType = 1;
			remoteGlobalIDString = C747026724A6288100D0E9DA;
			remoteInfo = iOS;
		};
		C747028424A6288200D0E9DA /* PBXContainerItemProxy */ = {
			isa = PBXContainerItemProxy;
			containerPortal = C747025C24A6288000D0E9DA /* Project object */;
			proxyType = 1;
			remoteGlobalIDString = C747026F24A6288200D0E9DA;
			remoteInfo = macOS;
		};
/* End PBXContainerItemProxy section */

/* Begin PBXCopyFilesBuildPhase section */
		C743A49224A75F9E00AB5C36 /* Embed App Extensions */ = {
			isa = PBXCopyFilesBuildPhase;
			buildActionMask = 2147483647;
			dstPath = "";
			dstSubfolderSpec = 13;
			files = (
				C743A47924A75F9E00AB5C36 /* watchOS Extension.appex in Embed App Extensions */,
			);
			name = "Embed App Extensions";
			runOnlyForDeploymentPostprocessing = 0;
		};
		C743A49624A75F9E00AB5C36 /* Embed Watch Content */ = {
			isa = PBXCopyFilesBuildPhase;
			buildActionMask = 2147483647;
			dstPath = "$(CONTENTS_FOLDER_PATH)/Watch";
			dstSubfolderSpec = 16;
			files = (
				C743A48E24A75F9E00AB5C36 /* watchOS.app in Embed Watch Content */,
			);
			name = "Embed Watch Content";
			runOnlyForDeploymentPostprocessing = 0;
		};
/* End PBXCopyFilesBuildPhase section */

/* Begin PBXFileReference section */
		C72823E424A84641007569EC /* LandmarkRow.swift */ = {isa = PBXFileReference; lastKnownFileType = sourcecode.swift; path = LandmarkRow.swift; sourceTree = "<group>"; };
		C72823E624A84795007569EC /* Assets.xcassets */ = {isa = PBXFileReference; lastKnownFileType = folder.assetcatalog; path = Assets.xcassets; sourceTree = "<group>"; };
		C72823E824A848FC007569EC /* LandmarkList.swift */ = {isa = PBXFileReference; lastKnownFileType = sourcecode.swift; path = LandmarkList.swift; sourceTree = "<group>"; };
		C72823EA24A849BF007569EC /* Filter.swift */ = {isa = PBXFileReference; lastKnownFileType = sourcecode.swift; path = Filter.swift; sourceTree = "<group>"; };
		C72823EC24A84BC0007569EC /* NavigationPrimary.swift */ = {isa = PBXFileReference; lastKnownFileType = sourcecode.swift; path = NavigationPrimary.swift; sourceTree = "<group>"; };
		C72823F024A8740E007569EC /* NavigationDetail.swift */ = {isa = PBXFileReference; lastKnownFileType = sourcecode.swift; path = NavigationDetail.swift; sourceTree = "<group>"; };
		C72823F424A89CE6007569EC /* MapView+Extension.swift */ = {isa = PBXFileReference; lastKnownFileType = sourcecode.swift; path = "MapView+Extension.swift"; sourceTree = "<group>"; };
		C72823F624A89D55007569EC /* MapView+Extension.swift */ = {isa = PBXFileReference; lastKnownFileType = sourcecode.swift; path = "MapView+Extension.swift"; sourceTree = "<group>"; };
		C72823F824A89F43007569EC /* ContentView.swift */ = {isa = PBXFileReference; lastKnownFileType = sourcecode.swift; path = ContentView.swift; sourceTree = "<group>"; };
		C72823FA24A8A05C007569EC /* ContentView.swift */ = {isa = PBXFileReference; lastKnownFileType = sourcecode.swift; path = ContentView.swift; sourceTree = "<group>"; };
		C743A46A24A75CF200AB5C36 /* PageControl.swift */ = {isa = PBXFileReference; lastKnownFileType = sourcecode.swift; path = PageControl.swift; sourceTree = "<group>"; };
		C743A46F24A75F9B00AB5C36 /* watchOS.app */ = {isa = PBXFileReference; explicitFileType = wrapper.application; includeInIndex = 0; path = watchOS.app; sourceTree = BUILT_PRODUCTS_DIR; };
		C743A47124A75F9D00AB5C36 /* Assets.xcassets */ = {isa = PBXFileReference; lastKnownFileType = folder.assetcatalog; path = Assets.xcassets; sourceTree = "<group>"; };
		C743A47324A75F9D00AB5C36 /* Info.plist */ = {isa = PBXFileReference; lastKnownFileType = text.plist.xml; path = Info.plist; sourceTree = "<group>"; };
		C743A47824A75F9E00AB5C36 /* watchOS Extension.appex */ = {isa = PBXFileReference; explicitFileType = "wrapper.app-extension"; includeInIndex = 0; path = "watchOS Extension.appex"; sourceTree = BUILT_PRODUCTS_DIR; };
		C743A47D24A75F9E00AB5C36 /* MySwiftAppApp.swift */ = {isa = PBXFileReference; lastKnownFileType = sourcecode.swift; path = MySwiftAppApp.swift; sourceTree = "<group>"; };
		C743A47F24A75F9E00AB5C36 /* ContentView.swift */ = {isa = PBXFileReference; lastKnownFileType = sourcecode.swift; path = ContentView.swift; sourceTree = "<group>"; };
		C743A48124A75F9E00AB5C36 /* NotificationController.swift */ = {isa = PBXFileReference; lastKnownFileType = sourcecode.swift; path = NotificationController.swift; sourceTree = "<group>"; };
		C743A48324A75F9E00AB5C36 /* NotificationView.swift */ = {isa = PBXFileReference; lastKnownFileType = sourcecode.swift; path = NotificationView.swift; sourceTree = "<group>"; };
		C743A48524A75F9E00AB5C36 /* Assets.xcassets */ = {isa = PBXFileReference; lastKnownFileType = folder.assetcatalog; path = Assets.xcassets; sourceTree = "<group>"; };
		C743A48824A75F9E00AB5C36 /* Preview Assets.xcassets */ = {isa = PBXFileReference; lastKnownFileType = folder.assetcatalog; path = "Preview Assets.xcassets"; sourceTree = "<group>"; };
		C743A48A24A75F9E00AB5C36 /* Info.plist */ = {isa = PBXFileReference; lastKnownFileType = text.plist.xml; path = Info.plist; sourceTree = "<group>"; };
		C743A48B24A75F9E00AB5C36 /* PushNotificationPayload.apns */ = {isa = PBXFileReference; lastKnownFileType = text; path = PushNotificationPayload.apns; sourceTree = "<group>"; };
		C743A4B024A7633D00AB5C36 /* LandmarkDetail.swift */ = {isa = PBXFileReference; lastKnownFileType = sourcecode.swift; path = LandmarkDetail.swift; sourceTree = "<group>"; };
		C743A4B224A7691D00AB5C36 /* WatchMapView.swift */ = {isa = PBXFileReference; lastKnownFileType = sourcecode.swift; path = WatchMapView.swift; sourceTree = "<group>"; };
		C747026124A6288000D0E9DA /* MySwiftAppApp.swift */ = {isa = PBXFileReference; lastKnownFileType = sourcecode.swift; path = MySwiftAppApp.swift; sourceTree = "<group>"; };
		C747026324A6288100D0E9DA /* Assets.xcassets */ = {isa = PBXFileReference; lastKnownFileType = folder.assetcatalog; path = Assets.xcassets; sourceTree = "<group>"; };
		C747026824A6288100D0E9DA /* MySwiftApp.app */ = {isa = PBXFileReference; explicitFileType = wrapper.application; includeInIndex = 0; path = MySwiftApp.app; sourceTree = BUILT_PRODUCTS_DIR; };
		C747026B24A6288200D0E9DA /* Info.plist */ = {isa = PBXFileReference; lastKnownFileType = text.plist.xml; path = Info.plist; sourceTree = "<group>"; };
		C747027024A6288200D0E9DA /* MySwiftApp.app */ = {isa = PBXFileReference; explicitFileType = wrapper.application; includeInIndex = 0; path = MySwiftApp.app; sourceTree = BUILT_PRODUCTS_DIR; };
		C747027224A6288200D0E9DA /* Info.plist */ = {isa = PBXFileReference; lastKnownFileType = text.plist.xml; path = Info.plist; sourceTree = "<group>"; };
		C747027324A6288200D0E9DA /* macOS.entitlements */ = {isa = PBXFileReference; lastKnownFileType = text.plist.entitlements; path = macOS.entitlements; sourceTree = "<group>"; };
		C747027824A6288200D0E9DA /* Tests iOS.xctest */ = {isa = PBXFileReference; explicitFileType = wrapper.cfbundle; includeInIndex = 0; path = "Tests iOS.xctest"; sourceTree = BUILT_PRODUCTS_DIR; };
		C747027C24A6288200D0E9DA /* Tests_iOS.swift */ = {isa = PBXFileReference; lastKnownFileType = sourcecode.swift; path = Tests_iOS.swift; sourceTree = "<group>"; };
		C747027E24A6288200D0E9DA /* Info.plist */ = {isa = PBXFileReference; lastKnownFileType = text.plist.xml; path = Info.plist; sourceTree = "<group>"; };
		C747028324A6288200D0E9DA /* Tests macOS.xctest */ = {isa = PBXFileReference; explicitFileType = wrapper.cfbundle; includeInIndex = 0; path = "Tests macOS.xctest"; sourceTree = BUILT_PRODUCTS_DIR; };
		C747028724A6288200D0E9DA /* Tests_macOS.swift */ = {isa = PBXFileReference; lastKnownFileType = sourcecode.swift; path = Tests_macOS.swift; sourceTree = "<group>"; };
		C747028924A6288200D0E9DA /* Info.plist */ = {isa = PBXFileReference; lastKnownFileType = text.plist.xml; path = Info.plist; sourceTree = "<group>"; };
		C747029E24A6297F00D0E9DA /* LandmarkDetail.swift */ = {isa = PBXFileReference; fileEncoding = 4; lastKnownFileType = sourcecode.swift; path = LandmarkDetail.swift; sourceTree = "<group>"; };
		C74702A024A6297F00D0E9DA /* Data.swift */ = {isa = PBXFileReference; fileEncoding = 4; lastKnownFileType = sourcecode.swift; path = Data.swift; sourceTree = "<group>"; };
		C74702A124A6297F00D0E9DA /* Landmark.swift */ = {isa = PBXFileReference; fileEncoding = 4; lastKnownFileType = sourcecode.swift; path = Landmark.swift; sourceTree = "<group>"; };
		C74702A324A6297F00D0E9DA /* landmarkData.json */ = {isa = PBXFileReference; fileEncoding = 4; lastKnownFileType = text.json; path = landmarkData.json; sourceTree = "<group>"; };
		C74702A524A6297F00D0E9DA /* MapView.swift */ = {isa = PBXFileReference; fileEncoding = 4; lastKnownFileType = sourcecode.swift; path = MapView.swift; sourceTree = "<group>"; };
		C74702A624A6297F00D0E9DA /* CircleImage.swift */ = {isa = PBXFileReference; fileEncoding = 4; lastKnownFileType = sourcecode.swift; path = CircleImage.swift; sourceTree = "<group>"; };
		C74702A724A6297F00D0E9DA /* LandmarkRow.swift */ = {isa = PBXFileReference; fileEncoding = 4; lastKnownFileType = sourcecode.swift; path = LandmarkRow.swift; sourceTree = "<group>"; };
		C74702B624A63B4200D0E9DA /* charleyrivers.jpg */ = {isa = PBXFileReference; lastKnownFileType = image.jpeg; path = charleyrivers.jpg; sourceTree = "<group>"; };
		C74702B724A63B4200D0E9DA /* lakemcdonald.jpg */ = {isa = PBXFileReference; lastKnownFileType = image.jpeg; path = lakemcdonald.jpg; sourceTree = "<group>"; };
		C74702B824A63B4200D0E9DA /* silversalmoncreek.jpg */ = {isa = PBXFileReference; lastKnownFileType = image.jpeg; path = silversalmoncreek.jpg; sourceTree = "<group>"; };
		C74702B924A63B4200D0E9DA /* twinlake.jpg */ = {isa = PBXFileReference; lastKnownFileType = image.jpeg; path = twinlake.jpg; sourceTree = "<group>"; };
		C74702BA24A63B4200D0E9DA /* chincoteague.jpg */ = {isa = PBXFileReference; lastKnownFileType = image.jpeg; path = chincoteague.jpg; sourceTree = "<group>"; };
		C74702BB24A63B4200D0E9DA /* hiddenlake.jpg */ = {isa = PBXFileReference; lastKnownFileType = image.jpeg; path = hiddenlake.jpg; sourceTree = "<group>"; };
		C74702BC24A63B4200D0E9DA /* chilkoottrail.jpg */ = {isa = PBXFileReference; lastKnownFileType = image.jpeg; path = chilkoottrail.jpg; sourceTree = "<group>"; };
		C74702BD24A63B4200D0E9DA /* stmarylake.jpg */ = {isa = PBXFileReference; lastKnownFileType = image.jpeg; path = stmarylake.jpg; sourceTree = "<group>"; };
		C74702BE24A63B4200D0E9DA /* rainbowlake.jpg */ = {isa = PBXFileReference; lastKnownFileType = image.jpeg; path = rainbowlake.jpg; sourceTree = "<group>"; };
		C74702BF24A63B4200D0E9DA /* turtlerock.jpg */ = {isa = PBXFileReference; lastKnownFileType = image.jpeg; path = turtlerock.jpg; sourceTree = "<group>"; };
		C74702C024A63B4200D0E9DA /* umbagog.jpg */ = {isa = PBXFileReference; lastKnownFileType = image.jpeg; path = umbagog.jpg; sourceTree = "<group>"; };
		C74702C124A63B4200D0E9DA /* icybay.jpg */ = {isa = PBXFileReference; lastKnownFileType = image.jpeg; path = icybay.jpg; sourceTree = "<group>"; };
		C74702DA24A63CB500D0E9DA /* LandmarkList.swift */ = {isa = PBXFileReference; lastKnownFileType = sourcecode.swift; path = LandmarkList.swift; sourceTree = "<group>"; };
		C74702DD24A63CFE00D0E9DA /* MySwiftApp.entitlements */ = {isa = PBXFileReference; lastKnownFileType = text.plist.entitlements; path = MySwiftApp.entitlements; sourceTree = "<group>"; };
		C770C96F24A9EA6500778C32 /* CPUWheel.swift */ = {isa = PBXFileReference; lastKnownFileType = sourcecode.swift; path = CPUWheel.swift; sourceTree = "<group>"; };
		C770C97224A9EBAC00778C32 /* MySwiftAppApp.swift */ = {isa = PBXFileReference; lastKnownFileType = sourcecode.swift; path = MySwiftAppApp.swift; sourceTree = "<group>"; };
		C79A772A24A65E180070D9B8 /* UserData.swift */ = {isa = PBXFileReference; lastKnownFileType = sourcecode.swift; path = UserData.swift; sourceTree = "<group>"; };
		C79A772D24A6DE9A0070D9B8 /* BadgeBackground.swift */ = {isa = PBXFileReference; lastKnownFileType = sourcecode.swift; path = BadgeBackground.swift; sourceTree = "<group>"; };
		C79A773024A6DF550070D9B8 /* HexagonParameters.swift */ = {isa = PBXFileReference; lastKnownFileType = sourcecode.swift; path = HexagonParameters.swift; sourceTree = "<group>"; };
		C79A773324A6E2D10070D9B8 /* Badge.swift */ = {isa = PBXFileReference; lastKnownFileType = sourcecode.swift; path = Badge.swift; sourceTree = "<group>"; };
		C79A773624A6ED8A0070D9B8 /* BadgeSymbol.swift */ = {isa = PBXFileReference; lastKnownFileType = sourcecode.swift; path = BadgeSymbol.swift; sourceTree = "<group>"; };
		C79A773924A6EE200070D9B8 /* RotatedBadgeSymbol.swift */ = {isa = PBXFileReference; lastKnownFileType = sourcecode.swift; path = RotatedBadgeSymbol.swift; sourceTree = "<group>"; };
		C79A773C24A6F2590070D9B8 /* HikeView.swift */ = {isa = PBXFileReference; lastKnownFileType = sourcecode.swift; path = HikeView.swift; sourceTree = "<group>"; };
		C79A773F24A6F65E0070D9B8 /* Hike.swift */ = {isa = PBXFileReference; lastKnownFileType = sourcecode.swift; path = Hike.swift; sourceTree = "<group>"; };
		C79A774224A6F6A90070D9B8 /* hikeData.json */ = {isa = PBXFileReference; lastKnownFileType = text.json; path = hikeData.json; sourceTree = "<group>"; };
		C79A774524A6F7BD0070D9B8 /* HikeGraph.swift */ = {isa = PBXFileReference; lastKnownFileType = sourcecode.swift; path = HikeGraph.swift; sourceTree = "<group>"; };
		C79A774824A6F81E0070D9B8 /* GraphCapsule.swift */ = {isa = PBXFileReference; lastKnownFileType = sourcecode.swift; path = GraphCapsule.swift; sourceTree = "<group>"; };
		C79A774B24A6F8A70070D9B8 /* HikeDetail.swift */ = {isa = PBXFileReference; lastKnownFileType = sourcecode.swift; path = HikeDetail.swift; sourceTree = "<group>"; };
		C79A774E24A706A40070D9B8 /* CategoryHome.swift */ = {isa = PBXFileReference; lastKnownFileType = sourcecode.swift; path = CategoryHome.swift; sourceTree = "<group>"; };
		C79A775124A707460070D9B8 /* CategoryRow.swift */ = {isa = PBXFileReference; lastKnownFileType = sourcecode.swift; path = CategoryRow.swift; sourceTree = "<group>"; };
		C79A775A24A7296E0070D9B8 /* DraggableView.swift */ = {isa = PBXFileReference; lastKnownFileType = sourcecode.swift; path = DraggableView.swift; sourceTree = "<group>"; };
		C79A775D24A72ACA0070D9B8 /* ProfileHost.swift */ = {isa = PBXFileReference; lastKnownFileType = sourcecode.swift; path = ProfileHost.swift; sourceTree = "<group>"; };
		C79A776024A72AF20070D9B8 /* Profile.swift */ = {isa = PBXFileReference; lastKnownFileType = sourcecode.swift; path = Profile.swift; sourceTree = "<group>"; };
		C79A776324A731680070D9B8 /* ProfileSummary.swift */ = {isa = PBXFileReference; lastKnownFileType = sourcecode.swift; path = ProfileSummary.swift; sourceTree = "<group>"; };
		C79A776624A732B40070D9B8 /* HikeBadge.swift */ = {isa = PBXFileReference; lastKnownFileType = sourcecode.swift; path = HikeBadge.swift; sourceTree = "<group>"; };
		C79A776924A7445C0070D9B8 /* ProfileEditor.swift */ = {isa = PBXFileReference; lastKnownFileType = sourcecode.swift; path = ProfileEditor.swift; sourceTree = "<group>"; };
		C79A776C24A74EF90070D9B8 /* PageViewController.swift */ = {isa = PBXFileReference; lastKnownFileType = sourcecode.swift; path = PageViewController.swift; sourceTree = "<group>"; };
		C79A776F24A750960070D9B8 /* PageView.swift */ = {isa = PBXFileReference; lastKnownFileType = sourcecode.swift; path = PageView.swift; sourceTree = "<group>"; };
		C79A777224A751550070D9B8 /* FeatureCard.swift */ = {isa = PBXFileReference; lastKnownFileType = sourcecode.swift; path = FeatureCard.swift; sourceTree = "<group>"; };
		C7B0F1E924A758A800965874 /* stmarylake_feature.jpg */ = {isa = PBXFileReference; lastKnownFileType = image.jpeg; path = stmarylake_feature.jpg; sourceTree = "<group>"; };
		C7B0F1EA24A758A800965874 /* charleyrivers_feature.jpg */ = {isa = PBXFileReference; lastKnownFileType = image.jpeg; path = charleyrivers_feature.jpg; sourceTree = "<group>"; };
		C7B0F1EB24A758A800965874 /* turtlerock_feature.jpg */ = {isa = PBXFileReference; lastKnownFileType = image.jpeg; path = turtlerock_feature.jpg; sourceTree = "<group>"; };
/* End PBXFileReference section */

/* Begin PBXFrameworksBuildPhase section */
		C743A47524A75F9E00AB5C36 /* Frameworks */ = {
			isa = PBXFrameworksBuildPhase;
			buildActionMask = 2147483647;
			files = (
			);
			runOnlyForDeploymentPostprocessing = 0;
		};
		C747026524A6288100D0E9DA /* Frameworks */ = {
			isa = PBXFrameworksBuildPhase;
			buildActionMask = 2147483647;
			files = (
			);
			runOnlyForDeploymentPostprocessing = 0;
		};
		C747026D24A6288200D0E9DA /* Frameworks */ = {
			isa = PBXFrameworksBuildPhase;
			buildActionMask = 2147483647;
			files = (
			);
			runOnlyForDeploymentPostprocessing = 0;
		};
		C747027524A6288200D0E9DA /* Frameworks */ = {
			isa = PBXFrameworksBuildPhase;
			buildActionMask = 2147483647;
			files = (
			);
			runOnlyForDeploymentPostprocessing = 0;
		};
		C747028024A6288200D0E9DA /* Frameworks */ = {
			isa = PBXFrameworksBuildPhase;
			buildActionMask = 2147483647;
			files = (
			);
			runOnlyForDeploymentPostprocessing = 0;
		};
/* End PBXFrameworksBuildPhase section */

/* Begin PBXGroup section */
		C72823E324A84622007569EC /* Views */ = {
			isa = PBXGroup;
			children = (
				C72823E424A84641007569EC /* LandmarkRow.swift */,
				C72823EA24A849BF007569EC /* Filter.swift */,
				C72823F624A89D55007569EC /* MapView+Extension.swift */,
			);
			path = Views;
			sourceTree = "<group>";
		};
		C72823F224A879F7007569EC /* Views */ = {
			isa = PBXGroup;
			children = (
				C72823F424A89CE6007569EC /* MapView+Extension.swift */,
			);
			path = Views;
			sourceTree = "<group>";
		};
		C72823F324A87A09007569EC /* Views */ = {
			isa = PBXGroup;
			children = (
				C743A48324A75F9E00AB5C36 /* NotificationView.swift */,
				C743A4B224A7691D00AB5C36 /* WatchMapView.swift */,
			);
			path = Views;
			sourceTree = "<group>";
		};
		C743A47024A75F9B00AB5C36 /* watchOS */ = {
			isa = PBXGroup;
			children = (
				C743A47124A75F9D00AB5C36 /* Assets.xcassets */,
				C743A47324A75F9D00AB5C36 /* Info.plist */,
			);
			path = watchOS;
			sourceTree = "<group>";
		};
		C743A47C24A75F9E00AB5C36 /* watchOS Extension */ = {
			isa = PBXGroup;
			children = (
				C743A47D24A75F9E00AB5C36 /* MySwiftAppApp.swift */,
				C743A47F24A75F9E00AB5C36 /* ContentView.swift */,
				C743A4B024A7633D00AB5C36 /* LandmarkDetail.swift */,
				C743A48124A75F9E00AB5C36 /* NotificationController.swift */,
				C72823F324A87A09007569EC /* Views */,
				C743A48524A75F9E00AB5C36 /* Assets.xcassets */,
				C743A48A24A75F9E00AB5C36 /* Info.plist */,
				C743A48B24A75F9E00AB5C36 /* PushNotificationPayload.apns */,
				C743A48724A75F9E00AB5C36 /* Preview Content */,
			);
			path = "watchOS Extension";
			sourceTree = "<group>";
		};
		C743A48724A75F9E00AB5C36 /* Preview Content */ = {
			isa = PBXGroup;
			children = (
				C743A48824A75F9E00AB5C36 /* Preview Assets.xcassets */,
			);
			path = "Preview Content";
			sourceTree = "<group>";
		};
		C747025B24A6288000D0E9DA = {
			isa = PBXGroup;
			children = (
				C747026024A6288000D0E9DA /* Shared */,
				C747026A24A6288100D0E9DA /* iOS */,
				C747027124A6288200D0E9DA /* macOS */,
				C743A47024A75F9B00AB5C36 /* watchOS */,
				C743A47C24A75F9E00AB5C36 /* watchOS Extension */,
				C747027B24A6288200D0E9DA /* Tests iOS */,
				C747028624A6288200D0E9DA /* Tests macOS */,
				C747026924A6288100D0E9DA /* Products */,
			);
			sourceTree = "<group>";
		};
		C747026024A6288000D0E9DA /* Shared */ = {
			isa = PBXGroup;
			children = (
				C74702DA24A63CB500D0E9DA /* LandmarkList.swift */,
				C79A775D24A72ACA0070D9B8 /* ProfileHost.swift */,
				C747029F24A6297F00D0E9DA /* Models */,
				C74702A424A6297F00D0E9DA /* Views */,
				C74702A224A6297F00D0E9DA /* Resources */,
				C747026324A6288100D0E9DA /* Assets.xcassets */,
			);
			path = Shared;
			sourceTree = "<group>";
		};
		C747026924A6288100D0E9DA /* Products */ = {
			isa = PBXGroup;
			children = (
				C747026824A6288100D0E9DA /* MySwiftApp.app */,
				C747027024A6288200D0E9DA /* MySwiftApp.app */,
				C747027824A6288200D0E9DA /* Tests iOS.xctest */,
				C747028324A6288200D0E9DA /* Tests macOS.xctest */,
				C743A46F24A75F9B00AB5C36 /* watchOS.app */,
				C743A47824A75F9E00AB5C36 /* watchOS Extension.appex */,
			);
			name = Products;
			sourceTree = "<group>";
		};
		C747026A24A6288100D0E9DA /* iOS */ = {
			isa = PBXGroup;
			children = (
				C747026124A6288000D0E9DA /* MySwiftAppApp.swift */,
				C72823FA24A8A05C007569EC /* ContentView.swift */,
				C747029E24A6297F00D0E9DA /* LandmarkDetail.swift */,
				C79A774E24A706A40070D9B8 /* CategoryHome.swift */,
				C72823F224A879F7007569EC /* Views */,
				C74702DD24A63CFE00D0E9DA /* MySwiftApp.entitlements */,
				C747026B24A6288200D0E9DA /* Info.plist */,
			);
			path = iOS;
			sourceTree = "<group>";
		};
		C747027124A6288200D0E9DA /* macOS */ = {
			isa = PBXGroup;
			children = (
				C770C97224A9EBAC00778C32 /* MySwiftAppApp.swift */,
				C72823F824A89F43007569EC /* ContentView.swift */,
				C72823EC24A84BC0007569EC /* NavigationPrimary.swift */,
				C72823F024A8740E007569EC /* NavigationDetail.swift */,
				C72823E824A848FC007569EC /* LandmarkList.swift */,
				C72823E324A84622007569EC /* Views */,
				C747027224A6288200D0E9DA /* Info.plist */,
				C747027324A6288200D0E9DA /* macOS.entitlements */,
				C72823E624A84795007569EC /* Assets.xcassets */,
			);
			path = macOS;
			sourceTree = "<group>";
		};
		C747027B24A6288200D0E9DA /* Tests iOS */ = {
			isa = PBXGroup;
			children = (
				C747027C24A6288200D0E9DA /* Tests_iOS.swift */,
				C747027E24A6288200D0E9DA /* Info.plist */,
			);
			path = "Tests iOS";
			sourceTree = "<group>";
		};
		C747028624A6288200D0E9DA /* Tests macOS */ = {
			isa = PBXGroup;
			children = (
				C747028724A6288200D0E9DA /* Tests_macOS.swift */,
				C747028924A6288200D0E9DA /* Info.plist */,
			);
			path = "Tests macOS";
			sourceTree = "<group>";
		};
		C747029F24A6297F00D0E9DA /* Models */ = {
			isa = PBXGroup;
			children = (
				C74702A024A6297F00D0E9DA /* Data.swift */,
				C74702A124A6297F00D0E9DA /* Landmark.swift */,
				C79A772A24A65E180070D9B8 /* UserData.swift */,
				C79A773024A6DF550070D9B8 /* HexagonParameters.swift */,
				C79A773F24A6F65E0070D9B8 /* Hike.swift */,
				C79A776024A72AF20070D9B8 /* Profile.swift */,
			);
			path = Models;
			sourceTree = "<group>";
		};
		C74702A224A6297F00D0E9DA /* Resources */ = {
			isa = PBXGroup;
			children = (
				C7B0F1EA24A758A800965874 /* charleyrivers_feature.jpg */,
				C7B0F1E924A758A800965874 /* stmarylake_feature.jpg */,
				C7B0F1EB24A758A800965874 /* turtlerock_feature.jpg */,
				C74702B624A63B4200D0E9DA /* charleyrivers.jpg */,
				C74702BC24A63B4200D0E9DA /* chilkoottrail.jpg */,
				C74702BA24A63B4200D0E9DA /* chincoteague.jpg */,
				C74702BB24A63B4200D0E9DA /* hiddenlake.jpg */,
				C74702C124A63B4200D0E9DA /* icybay.jpg */,
				C74702B724A63B4200D0E9DA /* lakemcdonald.jpg */,
				C74702BE24A63B4200D0E9DA /* rainbowlake.jpg */,
				C74702B824A63B4200D0E9DA /* silversalmoncreek.jpg */,
				C74702BD24A63B4200D0E9DA /* stmarylake.jpg */,
				C74702BF24A63B4200D0E9DA /* turtlerock.jpg */,
				C74702B924A63B4200D0E9DA /* twinlake.jpg */,
				C74702C024A63B4200D0E9DA /* umbagog.jpg */,
				C74702A324A6297F00D0E9DA /* landmarkData.json */,
				C79A774224A6F6A90070D9B8 /* hikeData.json */,
			);
			path = Resources;
			sourceTree = "<group>";
		};
		C74702A424A6297F00D0E9DA /* Views */ = {
			isa = PBXGroup;
			children = (
				C74702A524A6297F00D0E9DA /* MapView.swift */,
				C74702A624A6297F00D0E9DA /* CircleImage.swift */,
				C74702A724A6297F00D0E9DA /* LandmarkRow.swift */,
				C79A772D24A6DE9A0070D9B8 /* BadgeBackground.swift */,
				C79A773324A6E2D10070D9B8 /* Badge.swift */,
				C79A773624A6ED8A0070D9B8 /* BadgeSymbol.swift */,
				C79A773924A6EE200070D9B8 /* RotatedBadgeSymbol.swift */,
				C79A773C24A6F2590070D9B8 /* HikeView.swift */,
				C79A774524A6F7BD0070D9B8 /* HikeGraph.swift */,
				C79A774B24A6F8A70070D9B8 /* HikeDetail.swift */,
				C79A774824A6F81E0070D9B8 /* GraphCapsule.swift */,
				C79A775124A707460070D9B8 /* CategoryRow.swift */,
				C79A775A24A7296E0070D9B8 /* DraggableView.swift */,
				C79A776324A731680070D9B8 /* ProfileSummary.swift */,
				C79A776624A732B40070D9B8 /* HikeBadge.swift */,
				C79A776924A7445C0070D9B8 /* ProfileEditor.swift */,
				C79A776C24A74EF90070D9B8 /* PageViewController.swift */,
				C79A776F24A750960070D9B8 /* PageView.swift */,
				C79A777224A751550070D9B8 /* FeatureCard.swift */,
				C743A46A24A75CF200AB5C36 /* PageControl.swift */,
				C770C96F24A9EA6500778C32 /* CPUWheel.swift */,
			);
			path = Views;
			sourceTree = "<group>";
		};
/* End PBXGroup section */

/* Begin PBXNativeTarget section */
		C743A46E24A75F9B00AB5C36 /* watchOS */ = {
			isa = PBXNativeTarget;
			buildConfigurationList = C743A49324A75F9E00AB5C36 /* Build configuration list for PBXNativeTarget "watchOS" */;
			buildPhases = (
				C743A46D24A75F9B00AB5C36 /* Resources */,
				C743A49224A75F9E00AB5C36 /* Embed App Extensions */,
			);
			buildRules = (
			);
			dependencies = (
				C743A47B24A75F9E00AB5C36 /* PBXTargetDependency */,
			);
			name = watchOS;
			productName = watchOS;
			productReference = C743A46F24A75F9B00AB5C36 /* watchOS.app */;
			productType = "com.apple.product-type.application.watchapp2";
		};
		C743A47724A75F9E00AB5C36 /* watchOS Extension */ = {
			isa = PBXNativeTarget;
			buildConfigurationList = C743A48F24A75F9E00AB5C36 /* Build configuration list for PBXNativeTarget "watchOS Extension" */;
			buildPhases = (
				C743A47424A75F9E00AB5C36 /* Sources */,
				C743A47524A75F9E00AB5C36 /* Frameworks */,
				C743A47624A75F9E00AB5C36 /* Resources */,
			);
			buildRules = (
			);
			dependencies = (
			);
			name = "watchOS Extension";
			productName = "watchOS Extension";
			productReference = C743A47824A75F9E00AB5C36 /* watchOS Extension.appex */;
			productType = "com.apple.product-type.watchkit2-extension";
		};
		C747026724A6288100D0E9DA /* iOS */ = {
			isa = PBXNativeTarget;
			buildConfigurationList = C747029224A6288200D0E9DA /* Build configuration list for PBXNativeTarget "iOS" */;
			buildPhases = (
				C747026424A6288100D0E9DA /* Sources */,
				C747026524A6288100D0E9DA /* Frameworks */,
				C747026624A6288100D0E9DA /* Resources */,
				C743A49624A75F9E00AB5C36 /* Embed Watch Content */,
			);
			buildRules = (
			);
			dependencies = (
				C743A48D24A75F9E00AB5C36 /* PBXTargetDependency */,
			);
			name = iOS;
			packageProductDependencies = (
			);
			productName = iOS;
			productReference = C747026824A6288100D0E9DA /* MySwiftApp.app */;
			productType = "com.apple.product-type.application";
		};
		C747026F24A6288200D0E9DA /* macOS */ = {
			isa = PBXNativeTarget;
			buildConfigurationList = C747029524A6288200D0E9DA /* Build configuration list for PBXNativeTarget "macOS" */;
			buildPhases = (
				C747026C24A6288200D0E9DA /* Sources */,
				C747026D24A6288200D0E9DA /* Frameworks */,
				C747026E24A6288200D0E9DA /* Resources */,
			);
			buildRules = (
			);
			dependencies = (
			);
			name = macOS;
			productName = macOS;
			productReference = C747027024A6288200D0E9DA /* MySwiftApp.app */;
			productType = "com.apple.product-type.application";
		};
		C747027724A6288200D0E9DA /* Tests iOS */ = {
			isa = PBXNativeTarget;
			buildConfigurationList = C747029824A6288200D0E9DA /* Build configuration list for PBXNativeTarget "Tests iOS" */;
			buildPhases = (
				C747027424A6288200D0E9DA /* Sources */,
				C747027524A6288200D0E9DA /* Frameworks */,
				C747027624A6288200D0E9DA /* Resources */,
			);
			buildRules = (
			);
			dependencies = (
				C747027A24A6288200D0E9DA /* PBXTargetDependency */,
			);
			name = "Tests iOS";
			productName = "Tests iOS";
			productReference = C747027824A6288200D0E9DA /* Tests iOS.xctest */;
			productType = "com.apple.product-type.bundle.ui-testing";
		};
		C747028224A6288200D0E9DA /* Tests macOS */ = {
			isa = PBXNativeTarget;
			buildConfigurationList = C747029B24A6288200D0E9DA /* Build configuration list for PBXNativeTarget "Tests macOS" */;
			buildPhases = (
				C747027F24A6288200D0E9DA /* Sources */,
				C747028024A6288200D0E9DA /* Frameworks */,
				C747028124A6288200D0E9DA /* Resources */,
			);
			buildRules = (
			);
			dependencies = (
				C747028524A6288200D0E9DA /* PBXTargetDependency */,
			);
			name = "Tests macOS";
			productName = "Tests macOS";
			productReference = C747028324A6288200D0E9DA /* Tests macOS.xctest */;
			productType = "com.apple.product-type.bundle.ui-testing";
		};
/* End PBXNativeTarget section */

/* Begin PBXProject section */
		C747025C24A6288000D0E9DA /* Project object */ = {
			isa = PBXProject;
			attributes = {
				LastSwiftUpdateCheck = 1200;
				LastUpgradeCheck = 1200;
				TargetAttributes = {
					C743A46E24A75F9B00AB5C36 = {
						CreatedOnToolsVersion = 12.0;
					};
					C743A47724A75F9E00AB5C36 = {
						CreatedOnToolsVersion = 12.0;
					};
					C747026724A6288100D0E9DA = {
						CreatedOnToolsVersion = 12.0;
					};
					C747026F24A6288200D0E9DA = {
						CreatedOnToolsVersion = 12.0;
					};
					C747027724A6288200D0E9DA = {
						CreatedOnToolsVersion = 12.0;
						TestTargetID = C747026724A6288100D0E9DA;
					};
					C747028224A6288200D0E9DA = {
						CreatedOnToolsVersion = 12.0;
						TestTargetID = C747026F24A6288200D0E9DA;
					};
				};
			};
			buildConfigurationList = C747025F24A6288000D0E9DA /* Build configuration list for PBXProject "MySwiftApp" */;
			compatibilityVersion = "Xcode 9.3";
			developmentRegion = en;
			hasScannedForEncodings = 0;
			knownRegions = (
				en,
				Base,
			);
			mainGroup = C747025B24A6288000D0E9DA;
			packageReferences = (
			);
			productRefGroup = C747026924A6288100D0E9DA /* Products */;
			projectDirPath = "";
			projectRoot = "";
			targets = (
				C747026724A6288100D0E9DA /* iOS */,
				C747026F24A6288200D0E9DA /* macOS */,
				C743A46E24A75F9B00AB5C36 /* watchOS */,
				C743A47724A75F9E00AB5C36 /* watchOS Extension */,
				C747027724A6288200D0E9DA /* Tests iOS */,
				C747028224A6288200D0E9DA /* Tests macOS */,
			);
		};
/* End PBXProject section */

/* Begin PBXResourcesBuildPhase section */
		C743A46D24A75F9B00AB5C36 /* Resources */ = {
			isa = PBXResourcesBuildPhase;
			buildActionMask = 2147483647;
			files = (
				C743A47224A75F9D00AB5C36 /* Assets.xcassets in Resources */,
			);
			runOnlyForDeploymentPostprocessing = 0;
		};
		C743A47624A75F9E00AB5C36 /* Resources */ = {
			isa = PBXResourcesBuildPhase;
			buildActionMask = 2147483647;
			files = (
				C743A4A124A7607000AB5C36 /* stmarylake.jpg in Resources */,
				C743A4AE24A7607000AB5C36 /* chilkoottrail.jpg in Resources */,
				C743A4AA24A7607000AB5C36 /* rainbowlake.jpg in Resources */,
				C743A4A824A7607000AB5C36 /* hiddenlake.jpg in Resources */,
				C743A48924A75F9E00AB5C36 /* Preview Assets.xcassets in Resources */,
				C743A49E24A7606900AB5C36 /* Assets.xcassets in Resources */,
				C743A4AF24A7607000AB5C36 /* twinlake.jpg in Resources */,
				C743A4A624A7607000AB5C36 /* turtlerock_feature.jpg in Resources */,
				C743A4A424A7607000AB5C36 /* charleyrivers.jpg in Resources */,
				C743A4A524A7607000AB5C36 /* chincoteague.jpg in Resources */,
				C743A49F24A7607000AB5C36 /* charleyrivers_feature.jpg in Resources */,
				C743A48624A75F9E00AB5C36 /* Assets.xcassets in Resources */,
				C743A4A224A7607000AB5C36 /* hikeData.json in Resources */,
				C743A4A724A7607000AB5C36 /* stmarylake_feature.jpg in Resources */,
				C743A4A324A7607000AB5C36 /* lakemcdonald.jpg in Resources */,
				C743A4AB24A7607000AB5C36 /* silversalmoncreek.jpg in Resources */,
				C743A4A924A7607000AB5C36 /* icybay.jpg in Resources */,
				C743A4AC24A7607000AB5C36 /* turtlerock.jpg in Resources */,
				C743A4A024A7607000AB5C36 /* umbagog.jpg in Resources */,
				C743A4AD24A7607000AB5C36 /* landmarkData.json in Resources */,
			);
			runOnlyForDeploymentPostprocessing = 0;
		};
		C747026624A6288100D0E9DA /* Resources */ = {
			isa = PBXResourcesBuildPhase;
			buildActionMask = 2147483647;
			files = (
				C74702D224A63B4200D0E9DA /* rainbowlake.jpg in Resources */,
				C74702C824A63B4200D0E9DA /* twinlake.jpg in Resources */,
				C74702D624A63B4200D0E9DA /* umbagog.jpg in Resources */,
				C74702CE24A63B4200D0E9DA /* chilkoottrail.jpg in Resources */,
				C79A774324A6F6A90070D9B8 /* hikeData.json in Resources */,
				C7B0F1F024A758A800965874 /* turtlerock_feature.jpg in Resources */,
				C74702C624A63B4200D0E9DA /* silversalmoncreek.jpg in Resources */,
				C74702C224A63B4200D0E9DA /* charleyrivers.jpg in Resources */,
				C7B0F1EE24A758A800965874 /* charleyrivers_feature.jpg in Resources */,
				C74702CA24A63B4200D0E9DA /* chincoteague.jpg in Resources */,
				C747028E24A6288200D0E9DA /* Assets.xcassets in Resources */,
				C74702D024A63B4200D0E9DA /* stmarylake.jpg in Resources */,
				C74702D424A63B4200D0E9DA /* turtlerock.jpg in Resources */,
				C74702C424A63B4200D0E9DA /* lakemcdonald.jpg in Resources */,
				C74702CC24A63B4200D0E9DA /* hiddenlake.jpg in Resources */,
				C7B0F1EC24A758A800965874 /* stmarylake_feature.jpg in Resources */,
				C74702D824A63B4200D0E9DA /* icybay.jpg in Resources */,
				C74702AE24A6297F00D0E9DA /* landmarkData.json in Resources */,
			);
			runOnlyForDeploymentPostprocessing = 0;
		};
		C747026E24A6288200D0E9DA /* Resources */ = {
			isa = PBXResourcesBuildPhase;
			buildActionMask = 2147483647;
			files = (
				C72823DF24A84585007569EC /* charleyrivers_feature.jpg in Resources */,
				C72823D224A84585007569EC /* chincoteague.jpg in Resources */,
				C72823DD24A84585007569EC /* turtlerock_feature.jpg in Resources */,
				C72823E724A84795007569EC /* Assets.xcassets in Resources */,
				C72823E024A84585007569EC /* charleyrivers.jpg in Resources */,
				C72823D524A84585007569EC /* twinlake.jpg in Resources */,
				C72823D724A84585007569EC /* chilkoottrail.jpg in Resources */,
				C72823D924A84585007569EC /* stmarylake_feature.jpg in Resources */,
				C72823DA24A84585007569EC /* hikeData.json in Resources */,
				C72823DC24A84585007569EC /* landmarkData.json in Resources */,
				C72823D624A84585007569EC /* turtlerock.jpg in Resources */,
				C72823E124A84585007569EC /* hiddenlake.jpg in Resources */,
				C72823D324A84585007569EC /* rainbowlake.jpg in Resources */,
				C72823D424A84585007569EC /* stmarylake.jpg in Resources */,
				C72823D824A84585007569EC /* lakemcdonald.jpg in Resources */,
				C72823DE24A84585007569EC /* silversalmoncreek.jpg in Resources */,
				C72823DB24A84585007569EC /* umbagog.jpg in Resources */,
				C72823E224A84585007569EC /* icybay.jpg in Resources */,
				C747028F24A6288200D0E9DA /* Assets.xcassets in Resources */,
			);
			runOnlyForDeploymentPostprocessing = 0;
		};
		C747027624A6288200D0E9DA /* Resources */ = {
			isa = PBXResourcesBuildPhase;
			buildActionMask = 2147483647;
			files = (
			);
			runOnlyForDeploymentPostprocessing = 0;
		};
		C747028124A6288200D0E9DA /* Resources */ = {
			isa = PBXResourcesBuildPhase;
			buildActionMask = 2147483647;
			files = (
			);
			runOnlyForDeploymentPostprocessing = 0;
		};
/* End PBXResourcesBuildPhase section */

/* Begin PBXSourcesBuildPhase section */
		C743A47424A75F9E00AB5C36 /* Sources */ = {
			isa = PBXSourcesBuildPhase;
			buildActionMask = 2147483647;
			files = (
				C743A49824A7605D00AB5C36 /* Hike.swift in Sources */,
				C743A49A24A7605D00AB5C36 /* CircleImage.swift in Sources */,
				C743A48224A75F9E00AB5C36 /* NotificationController.swift in Sources */,
				C743A4B424A7712E00AB5C36 /* LandmarkList.swift in Sources */,
				C743A4B324A7691D00AB5C36 /* WatchMapView.swift in Sources */,
				C743A48024A75F9E00AB5C36 /* ContentView.swift in Sources */,
				C743A49924A7605D00AB5C36 /* Profile.swift in Sources */,
				C743A47E24A75F9E00AB5C36 /* MySwiftAppApp.swift in Sources */,
				C743A48424A75F9E00AB5C36 /* NotificationView.swift in Sources */,
				C743A49B24A7605D00AB5C36 /* Data.swift in Sources */,
				C743A4B124A7633D00AB5C36 /* LandmarkDetail.swift in Sources */,
				C743A49D24A7605D00AB5C36 /* LandmarkRow.swift in Sources */,
				C743A49C24A7605D00AB5C36 /* UserData.swift in Sources */,
				C743A49724A7605D00AB5C36 /* Landmark.swift in Sources */,
			);
			runOnlyForDeploymentPostprocessing = 0;
		};
		C747026424A6288100D0E9DA /* Sources */ = {
			isa = PBXSourcesBuildPhase;
			buildActionMask = 2147483647;
			files = (
				C79A775B24A7296E0070D9B8 /* DraggableView.swift in Sources */,
				C79A776124A72AF20070D9B8 /* Profile.swift in Sources */,
				C74702B024A6297F00D0E9DA /* MapView.swift in Sources */,
				C79A773424A6E2D10070D9B8 /* Badge.swift in Sources */,
				C770C97024A9EA6500778C32 /* CPUWheel.swift in Sources */,
				C79A777324A751550070D9B8 /* FeatureCard.swift in Sources */,
				C79A775E24A72ACA0070D9B8 /* ProfileHost.swift in Sources */,
				C79A772E24A6DE9A0070D9B8 /* BadgeBackground.swift in Sources */,
				C79A777024A750960070D9B8 /* PageView.swift in Sources */,
				C74702A824A6297F00D0E9DA /* LandmarkDetail.swift in Sources */,
				C79A775224A707460070D9B8 /* CategoryRow.swift in Sources */,
				C79A774F24A706A40070D9B8 /* CategoryHome.swift in Sources */,
				C74702B224A6297F00D0E9DA /* CircleImage.swift in Sources */,
				C79A773A24A6EE200070D9B8 /* RotatedBadgeSymbol.swift in Sources */,
				C79A774024A6F65E0070D9B8 /* Hike.swift in Sources */,
				C79A774C24A6F8A70070D9B8 /* HikeDetail.swift in Sources */,
				C79A773724A6ED8A0070D9B8 /* BadgeSymbol.swift in Sources */,
				C79A773124A6DF550070D9B8 /* HexagonParameters.swift in Sources */,
				C79A776D24A74EF90070D9B8 /* PageViewController.swift in Sources */,
				C79A772B24A65E180070D9B8 /* UserData.swift in Sources */,
				C72823F524A89CE6007569EC /* MapView+Extension.swift in Sources */,
				C79A776724A732B40070D9B8 /* HikeBadge.swift in Sources */,
				C74702DB24A63CB500D0E9DA /* LandmarkList.swift in Sources */,
				C747028A24A6288200D0E9DA /* MySwiftAppApp.swift in Sources */,
				C72823FB24A8A05C007569EC /* ContentView.swift in Sources */,
				C74702AA24A6297F00D0E9DA /* Data.swift in Sources */,
				C74702B424A6297F00D0E9DA /* LandmarkRow.swift in Sources */,
				C79A774924A6F81E0070D9B8 /* GraphCapsule.swift in Sources */,
				C79A773D24A6F2590070D9B8 /* HikeView.swift in Sources */,
				C79A776424A731680070D9B8 /* ProfileSummary.swift in Sources */,
				C743A46B24A75CF200AB5C36 /* PageControl.swift in Sources */,
				C74702AC24A6297F00D0E9DA /* Landmark.swift in Sources */,
				C79A774624A6F7BD0070D9B8 /* HikeGraph.swift in Sources */,
				C79A776A24A7445C0070D9B8 /* ProfileEditor.swift in Sources */,
			);
			runOnlyForDeploymentPostprocessing = 0;
		};
		C747026C24A6288200D0E9DA /* Sources */ = {
			isa = PBXSourcesBuildPhase;
			buildActionMask = 2147483647;
			files = (
				C72823F124A8740F007569EC /* NavigationDetail.swift in Sources */,
				C79A776224A72AF20070D9B8 /* Profile.swift in Sources */,
				C72823F924A89F43007569EC /* ContentView.swift in Sources */,
				C72823EB24A849BF007569EC /* Filter.swift in Sources */,
				C72823ED24A84BC0007569EC /* NavigationPrimary.swift in Sources */,
				C79A774124A6F65E0070D9B8 /* Hike.swift in Sources */,
				C770C97324A9EBAC00778C32 /* MySwiftAppApp.swift in Sources */,
				C770C97124A9EA6500778C32 /* CPUWheel.swift in Sources */,
				C72823EF24A87230007569EC /* MapView.swift in Sources */,
				C72823F724A89D55007569EC /* MapView+Extension.swift in Sources */,
				C79A773224A6DF550070D9B8 /* HexagonParameters.swift in Sources */,
				C72823EE24A8713B007569EC /* CircleImage.swift in Sources */,
				C79A772C24A65E180070D9B8 /* UserData.swift in Sources */,
				C72823E924A848FC007569EC /* LandmarkList.swift in Sources */,
				C74702AB24A6297F00D0E9DA /* Data.swift in Sources */,
				C72823E524A84641007569EC /* LandmarkRow.swift in Sources */,
				C74702AD24A6297F00D0E9DA /* Landmark.swift in Sources */,
			);
			runOnlyForDeploymentPostprocessing = 0;
		};
		C747027424A6288200D0E9DA /* Sources */ = {
			isa = PBXSourcesBuildPhase;
			buildActionMask = 2147483647;
			files = (
				C747027D24A6288200D0E9DA /* Tests_iOS.swift in Sources */,
			);
			runOnlyForDeploymentPostprocessing = 0;
		};
		C747027F24A6288200D0E9DA /* Sources */ = {
			isa = PBXSourcesBuildPhase;
			buildActionMask = 2147483647;
			files = (
				C747028824A6288200D0E9DA /* Tests_macOS.swift in Sources */,
			);
			runOnlyForDeploymentPostprocessing = 0;
		};
/* End PBXSourcesBuildPhase section */

/* Begin PBXTargetDependency section */
		C743A47B24A75F9E00AB5C36 /* PBXTargetDependency */ = {
			isa = PBXTargetDependency;
			target = C743A47724A75F9E00AB5C36 /* watchOS Extension */;
			targetProxy = C743A47A24A75F9E00AB5C36 /* PBXContainerItemProxy */;
		};
		C743A48D24A75F9E00AB5C36 /* PBXTargetDependency */ = {
			isa = PBXTargetDependency;
			platformFilter = ios;
			target = C743A46E24A75F9B00AB5C36 /* watchOS */;
			targetProxy = C743A48C24A75F9E00AB5C36 /* PBXContainerItemProxy */;
		};
		C747027A24A6288200D0E9DA /* PBXTargetDependency */ = {
			isa = PBXTargetDependency;
			target = C747026724A6288100D0E9DA /* iOS */;
			targetProxy = C747027924A6288200D0E9DA /* PBXContainerItemProxy */;
		};
		C747028524A6288200D0E9DA /* PBXTargetDependency */ = {
			isa = PBXTargetDependency;
			target = C747026F24A6288200D0E9DA /* macOS */;
			targetProxy = C747028424A6288200D0E9DA /* PBXContainerItemProxy */;
		};
/* End PBXTargetDependency section */

/* Begin XCBuildConfiguration section */
		C743A49024A75F9E00AB5C36 /* Debug */ = {
			isa = XCBuildConfiguration;
			buildSettings = {
				ASSETCATALOG_COMPILER_COMPLICATION_NAME = Complication;
				CODE_SIGN_STYLE = Automatic;
				DEVELOPMENT_ASSET_PATHS = "\"watchOS Extension/Preview Content\"";
				DEVELOPMENT_TEAM = 292J49Y2B4;
				ENABLE_PREVIEWS = YES;
				INFOPLIST_FILE = "watchOS Extension/Info.plist";
				LD_RUNPATH_SEARCH_PATHS = (
					"$(inherited)",
					"@executable_path/Frameworks",
					"@executable_path/../../Frameworks",
				);
				PRODUCT_BUNDLE_IDENTIFIER = io.aben.MySwiftApp.watchkitapp.watchkitextension;
				PRODUCT_NAME = "${TARGET_NAME}";
				SDKROOT = watchos;
				SKIP_INSTALL = YES;
				SWIFT_VERSION = 5.0;
				TARGETED_DEVICE_FAMILY = 4;
				WATCHOS_DEPLOYMENT_TARGET = 7.0;
			};
			name = Debug;
		};
		C743A49124A75F9E00AB5C36 /* Release */ = {
			isa = XCBuildConfiguration;
			buildSettings = {
				ASSETCATALOG_COMPILER_COMPLICATION_NAME = Complication;
				CODE_SIGN_STYLE = Automatic;
				DEVELOPMENT_ASSET_PATHS = "\"watchOS Extension/Preview Content\"";
				DEVELOPMENT_TEAM = 292J49Y2B4;
				ENABLE_PREVIEWS = YES;
				INFOPLIST_FILE = "watchOS Extension/Info.plist";
				LD_RUNPATH_SEARCH_PATHS = (
					"$(inherited)",
					"@executable_path/Frameworks",
					"@executable_path/../../Frameworks",
				);
				PRODUCT_BUNDLE_IDENTIFIER = io.aben.MySwiftApp.watchkitapp.watchkitextension;
				PRODUCT_NAME = "${TARGET_NAME}";
				SDKROOT = watchos;
				SKIP_INSTALL = YES;
				SWIFT_VERSION = 5.0;
				TARGETED_DEVICE_FAMILY = 4;
				VALIDATE_PRODUCT = YES;
				WATCHOS_DEPLOYMENT_TARGET = 7.0;
			};
			name = Release;
		};
		C743A49424A75F9E00AB5C36 /* Debug */ = {
			isa = XCBuildConfiguration;
			buildSettings = {
				ALWAYS_EMBED_SWIFT_STANDARD_LIBRARIES = YES;
				ASSETCATALOG_COMPILER_APPICON_NAME = AppIcon;
				ASSETCATALOG_COMPILER_GLOBAL_ACCENT_COLOR_NAME = AccentColor;
				CODE_SIGN_STYLE = Automatic;
				DEVELOPMENT_TEAM = 292J49Y2B4;
				IBSC_MODULE = watchOS_Extension;
				INFOPLIST_FILE = watchOS/Info.plist;
				PRODUCT_BUNDLE_IDENTIFIER = io.aben.MySwiftApp.watchkitapp;
				PRODUCT_NAME = "$(TARGET_NAME)";
				SDKROOT = watchos;
				SKIP_INSTALL = YES;
				SWIFT_VERSION = 5.0;
				TARGETED_DEVICE_FAMILY = 4;
				WATCHOS_DEPLOYMENT_TARGET = 7.0;
			};
			name = Debug;
		};
		C743A49524A75F9E00AB5C36 /* Release */ = {
			isa = XCBuildConfiguration;
			buildSettings = {
				ALWAYS_EMBED_SWIFT_STANDARD_LIBRARIES = YES;
				ASSETCATALOG_COMPILER_APPICON_NAME = AppIcon;
				ASSETCATALOG_COMPILER_GLOBAL_ACCENT_COLOR_NAME = AccentColor;
				CODE_SIGN_STYLE = Automatic;
				DEVELOPMENT_TEAM = 292J49Y2B4;
				IBSC_MODULE = watchOS_Extension;
				INFOPLIST_FILE = watchOS/Info.plist;
				PRODUCT_BUNDLE_IDENTIFIER = io.aben.MySwiftApp.watchkitapp;
				PRODUCT_NAME = "$(TARGET_NAME)";
				SDKROOT = watchos;
				SKIP_INSTALL = YES;
				SWIFT_VERSION = 5.0;
				TARGETED_DEVICE_FAMILY = 4;
				VALIDATE_PRODUCT = YES;
				WATCHOS_DEPLOYMENT_TARGET = 7.0;
			};
			name = Release;
		};
		C747029024A6288200D0E9DA /* Debug */ = {
			isa = XCBuildConfiguration;
			buildSettings = {
				ALWAYS_SEARCH_USER_PATHS = NO;
				CLANG_ANALYZER_NONNULL = YES;
				CLANG_ANALYZER_NUMBER_OBJECT_CONVERSION = YES_AGGRESSIVE;
				CLANG_CXX_LANGUAGE_STANDARD = "gnu++14";
				CLANG_CXX_LIBRARY = "libc++";
				CLANG_ENABLE_MODULES = YES;
				CLANG_ENABLE_OBJC_ARC = YES;
				CLANG_ENABLE_OBJC_WEAK = YES;
				CLANG_WARN_BLOCK_CAPTURE_AUTORELEASING = YES;
				CLANG_WARN_BOOL_CONVERSION = YES;
				CLANG_WARN_COMMA = YES;
				CLANG_WARN_CONSTANT_CONVERSION = YES;
				CLANG_WARN_DEPRECATED_OBJC_IMPLEMENTATIONS = YES;
				CLANG_WARN_DIRECT_OBJC_ISA_USAGE = YES_ERROR;
				CLANG_WARN_DOCUMENTATION_COMMENTS = YES;
				CLANG_WARN_EMPTY_BODY = YES;
				CLANG_WARN_ENUM_CONVERSION = YES;
				CLANG_WARN_INFINITE_RECURSION = YES;
				CLANG_WARN_INT_CONVERSION = YES;
				CLANG_WARN_NON_LITERAL_NULL_CONVERSION = YES;
				CLANG_WARN_OBJC_IMPLICIT_RETAIN_SELF = YES;
				CLANG_WARN_OBJC_LITERAL_CONVERSION = YES;
				CLANG_WARN_OBJC_ROOT_CLASS = YES_ERROR;
				CLANG_WARN_QUOTED_INCLUDE_IN_FRAMEWORK_HEADER = YES;
				CLANG_WARN_RANGE_LOOP_ANALYSIS = YES;
				CLANG_WARN_STRICT_PROTOTYPES = YES;
				CLANG_WARN_SUSPICIOUS_MOVE = YES;
				CLANG_WARN_UNGUARDED_AVAILABILITY = YES_AGGRESSIVE;
				CLANG_WARN_UNREACHABLE_CODE = YES;
				CLANG_WARN__DUPLICATE_METHOD_MATCH = YES;
				COPY_PHASE_STRIP = NO;
				DEBUG_INFORMATION_FORMAT = dwarf;
				ENABLE_STRICT_OBJC_MSGSEND = YES;
				ENABLE_TESTABILITY = YES;
				GCC_C_LANGUAGE_STANDARD = gnu11;
				GCC_DYNAMIC_NO_PIC = NO;
				GCC_NO_COMMON_BLOCKS = YES;
				GCC_OPTIMIZATION_LEVEL = 0;
				GCC_PREPROCESSOR_DEFINITIONS = (
					"DEBUG=1",
					"$(inherited)",
				);
				GCC_WARN_64_TO_32_BIT_CONVERSION = YES;
				GCC_WARN_ABOUT_RETURN_TYPE = YES_ERROR;
				GCC_WARN_UNDECLARED_SELECTOR = YES;
				GCC_WARN_UNINITIALIZED_AUTOS = YES_AGGRESSIVE;
				GCC_WARN_UNUSED_FUNCTION = YES;
				GCC_WARN_UNUSED_VARIABLE = YES;
				MTL_ENABLE_DEBUG_INFO = INCLUDE_SOURCE;
				MTL_FAST_MATH = YES;
				ONLY_ACTIVE_ARCH = YES;
				SWIFT_ACTIVE_COMPILATION_CONDITIONS = DEBUG;
				SWIFT_OPTIMIZATION_LEVEL = "-Onone";
			};
			name = Debug;
		};
		C747029124A6288200D0E9DA /* Release */ = {
			isa = XCBuildConfiguration;
			buildSettings = {
				ALWAYS_SEARCH_USER_PATHS = NO;
				CLANG_ANALYZER_NONNULL = YES;
				CLANG_ANALYZER_NUMBER_OBJECT_CONVERSION = YES_AGGRESSIVE;
				CLANG_CXX_LANGUAGE_STANDARD = "gnu++14";
				CLANG_CXX_LIBRARY = "libc++";
				CLANG_ENABLE_MODULES = YES;
				CLANG_ENABLE_OBJC_ARC = YES;
				CLANG_ENABLE_OBJC_WEAK = YES;
				CLANG_WARN_BLOCK_CAPTURE_AUTORELEASING = YES;
				CLANG_WARN_BOOL_CONVERSION = YES;
				CLANG_WARN_COMMA = YES;
				CLANG_WARN_CONSTANT_CONVERSION = YES;
				CLANG_WARN_DEPRECATED_OBJC_IMPLEMENTATIONS = YES;
				CLANG_WARN_DIRECT_OBJC_ISA_USAGE = YES_ERROR;
				CLANG_WARN_DOCUMENTATION_COMMENTS = YES;
				CLANG_WARN_EMPTY_BODY = YES;
				CLANG_WARN_ENUM_CONVERSION = YES;
				CLANG_WARN_INFINITE_RECURSION = YES;
				CLANG_WARN_INT_CONVERSION = YES;
				CLANG_WARN_NON_LITERAL_NULL_CONVERSION = YES;
				CLANG_WARN_OBJC_IMPLICIT_RETAIN_SELF = YES;
				CLANG_WARN_OBJC_LITERAL_CONVERSION = YES;
				CLANG_WARN_OBJC_ROOT_CLASS = YES_ERROR;
				CLANG_WARN_QUOTED_INCLUDE_IN_FRAMEWORK_HEADER = YES;
				CLANG_WARN_RANGE_LOOP_ANALYSIS = YES;
				CLANG_WARN_STRICT_PROTOTYPES = YES;
				CLANG_WARN_SUSPICIOUS_MOVE = YES;
				CLANG_WARN_UNGUARDED_AVAILABILITY = YES_AGGRESSIVE;
				CLANG_WARN_UNREACHABLE_CODE = YES;
				CLANG_WARN__DUPLICATE_METHOD_MATCH = YES;
				COPY_PHASE_STRIP = NO;
				DEBUG_INFORMATION_FORMAT = "dwarf-with-dsym";
				ENABLE_NS_ASSERTIONS = NO;
				ENABLE_STRICT_OBJC_MSGSEND = YES;
				GCC_C_LANGUAGE_STANDARD = gnu11;
				GCC_NO_COMMON_BLOCKS = YES;
				GCC_WARN_64_TO_32_BIT_CONVERSION = YES;
				GCC_WARN_ABOUT_RETURN_TYPE = YES_ERROR;
				GCC_WARN_UNDECLARED_SELECTOR = YES;
				GCC_WARN_UNINITIALIZED_AUTOS = YES_AGGRESSIVE;
				GCC_WARN_UNUSED_FUNCTION = YES;
				GCC_WARN_UNUSED_VARIABLE = YES;
				MTL_ENABLE_DEBUG_INFO = NO;
				MTL_FAST_MATH = YES;
				SWIFT_COMPILATION_MODE = wholemodule;
				SWIFT_OPTIMIZATION_LEVEL = "-O";
			};
			name = Release;
		};
		C747029324A6288200D0E9DA /* Debug */ = {
			isa = XCBuildConfiguration;
			buildSettings = {
				ASSETCATALOG_COMPILER_APPICON_NAME = AppIcon;
				ASSETCATALOG_COMPILER_GLOBAL_ACCENT_COLOR_NAME = AccentColor;
				CODE_SIGN_ENTITLEMENTS = iOS/MySwiftApp.entitlements;
				CODE_SIGN_STYLE = Automatic;
				DEVELOPMENT_TEAM = 292J49Y2B4;
				ENABLE_PREVIEWS = YES;
				INFOPLIST_FILE = iOS/Info.plist;
				IPHONEOS_DEPLOYMENT_TARGET = 14.0;
				LD_RUNPATH_SEARCH_PATHS = (
					"$(inherited)",
					"@executable_path/Frameworks",
				);
				PRODUCT_BUNDLE_IDENTIFIER = io.aben.MySwiftApp;
				PRODUCT_NAME = MySwiftApp;
				SDKROOT = iphoneos;
				SUPPORTS_MACCATALYST = NO;
				SWIFT_VERSION = 5.0;
				TARGETED_DEVICE_FAMILY = "1,2";
			};
			name = Debug;
		};
		C747029424A6288200D0E9DA /* Release */ = {
			isa = XCBuildConfiguration;
			buildSettings = {
				ASSETCATALOG_COMPILER_APPICON_NAME = AppIcon;
				ASSETCATALOG_COMPILER_GLOBAL_ACCENT_COLOR_NAME = AccentColor;
				CODE_SIGN_ENTITLEMENTS = iOS/MySwiftApp.entitlements;
				CODE_SIGN_STYLE = Automatic;
				DEVELOPMENT_TEAM = 292J49Y2B4;
				ENABLE_PREVIEWS = YES;
				INFOPLIST_FILE = iOS/Info.plist;
				IPHONEOS_DEPLOYMENT_TARGET = 14.0;
				LD_RUNPATH_SEARCH_PATHS = (
					"$(inherited)",
					"@executable_path/Frameworks",
				);
				PRODUCT_BUNDLE_IDENTIFIER = io.aben.MySwiftApp;
				PRODUCT_NAME = MySwiftApp;
				SDKROOT = iphoneos;
				SUPPORTS_MACCATALYST = NO;
				SWIFT_VERSION = 5.0;
				TARGETED_DEVICE_FAMILY = "1,2";
				VALIDATE_PRODUCT = YES;
			};
			name = Release;
		};
		C747029624A6288200D0E9DA /* Debug */ = {
			isa = XCBuildConfiguration;
			buildSettings = {
				ASSETCATALOG_COMPILER_APPICON_NAME = AppIcon;
				ASSETCATALOG_COMPILER_GLOBAL_ACCENT_COLOR_NAME = AccentColor;
				CODE_SIGN_ENTITLEMENTS = macOS/macOS.entitlements;
				CODE_SIGN_STYLE = Automatic;
				COMBINE_HIDPI_IMAGES = YES;
				DEVELOPMENT_TEAM = 292J49Y2B4;
				ENABLE_HARDENED_RUNTIME = YES;
				ENABLE_PREVIEWS = YES;
				INFOPLIST_FILE = macOS/Info.plist;
				LD_RUNPATH_SEARCH_PATHS = (
					"$(inherited)",
					"@executable_path/../Frameworks",
				);
				MACOSX_DEPLOYMENT_TARGET = 10.16;
				PRODUCT_BUNDLE_IDENTIFIER = io.aben.MySwiftApp;
				PRODUCT_NAME = MySwiftApp;
				SDKROOT = macosx;
				SWIFT_VERSION = 5.0;
			};
			name = Debug;
		};
		C747029724A6288200D0E9DA /* Release */ = {
			isa = XCBuildConfiguration;
			buildSettings = {
				ASSETCATALOG_COMPILER_APPICON_NAME = AppIcon;
				ASSETCATALOG_COMPILER_GLOBAL_ACCENT_COLOR_NAME = AccentColor;
				CODE_SIGN_ENTITLEMENTS = macOS/macOS.entitlements;
				CODE_SIGN_STYLE = Automatic;
				COMBINE_HIDPI_IMAGES = YES;
				DEVELOPMENT_TEAM = 292J49Y2B4;
				ENABLE_HARDENED_RUNTIME = YES;
				ENABLE_PREVIEWS = YES;
				INFOPLIST_FILE = macOS/Info.plist;
				LD_RUNPATH_SEARCH_PATHS = (
					"$(inherited)",
					"@executable_path/../Frameworks",
				);
				MACOSX_DEPLOYMENT_TARGET = 10.16;
				PRODUCT_BUNDLE_IDENTIFIER = io.aben.MySwiftApp;
				PRODUCT_NAME = MySwiftApp;
				SDKROOT = macosx;
				SWIFT_VERSION = 5.0;
			};
			name = Release;
		};
		C747029924A6288200D0E9DA /* Debug */ = {
			isa = XCBuildConfiguration;
			buildSettings = {
				ALWAYS_EMBED_SWIFT_STANDARD_LIBRARIES = YES;
				CODE_SIGN_STYLE = Automatic;
				DEVELOPMENT_TEAM = 292J49Y2B4;
				INFOPLIST_FILE = "Tests iOS/Info.plist";
				IPHONEOS_DEPLOYMENT_TARGET = 14.0;
				LD_RUNPATH_SEARCH_PATHS = (
					"$(inherited)",
					"@executable_path/Frameworks",
					"@loader_path/Frameworks",
				);
				PRODUCT_BUNDLE_IDENTIFIER = "io.aben.Tests-iOS";
				PRODUCT_NAME = "$(TARGET_NAME)";
				SDKROOT = iphoneos;
				SWIFT_VERSION = 5.0;
				TARGETED_DEVICE_FAMILY = "1,2";
				TEST_TARGET_NAME = iOS;
			};
			name = Debug;
		};
		C747029A24A6288200D0E9DA /* Release */ = {
			isa = XCBuildConfiguration;
			buildSettings = {
				ALWAYS_EMBED_SWIFT_STANDARD_LIBRARIES = YES;
				CODE_SIGN_STYLE = Automatic;
				DEVELOPMENT_TEAM = 292J49Y2B4;
				INFOPLIST_FILE = "Tests iOS/Info.plist";
				IPHONEOS_DEPLOYMENT_TARGET = 14.0;
				LD_RUNPATH_SEARCH_PATHS = (
					"$(inherited)",
					"@executable_path/Frameworks",
					"@loader_path/Frameworks",
				);
				PRODUCT_BUNDLE_IDENTIFIER = "io.aben.Tests-iOS";
				PRODUCT_NAME = "$(TARGET_NAME)";
				SDKROOT = iphoneos;
				SWIFT_VERSION = 5.0;
				TARGETED_DEVICE_FAMILY = "1,2";
				TEST_TARGET_NAME = iOS;
				VALIDATE_PRODUCT = YES;
			};
			name = Release;
		};
		C747029C24A6288200D0E9DA /* Debug */ = {
			isa = XCBuildConfiguration;
			buildSettings = {
				ALWAYS_EMBED_SWIFT_STANDARD_LIBRARIES = YES;
				CODE_SIGN_STYLE = Automatic;
				COMBINE_HIDPI_IMAGES = YES;
				DEVELOPMENT_TEAM = 292J49Y2B4;
				INFOPLIST_FILE = "Tests macOS/Info.plist";
				LD_RUNPATH_SEARCH_PATHS = (
					"$(inherited)",
					"@executable_path/../Frameworks",
					"@loader_path/../Frameworks",
				);
				MACOSX_DEPLOYMENT_TARGET = 10.16;
				PRODUCT_BUNDLE_IDENTIFIER = "io.aben.Tests-macOS";
				PRODUCT_NAME = "$(TARGET_NAME)";
				SDKROOT = macosx;
				SWIFT_VERSION = 5.0;
				TEST_TARGET_NAME = macOS;
			};
			name = Debug;
		};
		C747029D24A6288200D0E9DA /* Release */ = {
			isa = XCBuildConfiguration;
			buildSettings = {
				ALWAYS_EMBED_SWIFT_STANDARD_LIBRARIES = YES;
				CODE_SIGN_STYLE = Automatic;
				COMBINE_HIDPI_IMAGES = YES;
				DEVELOPMENT_TEAM = 292J49Y2B4;
				INFOPLIST_FILE = "Tests macOS/Info.plist";
				LD_RUNPATH_SEARCH_PATHS = (
					"$(inherited)",
					"@executable_path/../Frameworks",
					"@loader_path/../Frameworks",
				);
				MACOSX_DEPLOYMENT_TARGET = 10.16;
				PRODUCT_BUNDLE_IDENTIFIER = "io.aben.Tests-macOS";
				PRODUCT_NAME = "$(TARGET_NAME)";
				SDKROOT = macosx;
				SWIFT_VERSION = 5.0;
				TEST_TARGET_NAME = macOS;
			};
			name = Release;
		};
/* End XCBuildConfiguration section */

/* Begin XCConfigurationList section */
		C743A48F24A75F9E00AB5C36 /* Build configuration list for PBXNativeTarget "watchOS Extension" */ = {
			isa = XCConfigurationList;
			buildConfigurations = (
				C743A49024A75F9E00AB5C36 /* Debug */,
				C743A49124A75F9E00AB5C36 /* Release */,
			);
			defaultConfigurationIsVisible = 0;
			defaultConfigurationName = Release;
		};
		C743A49324A75F9E00AB5C36 /* Build configuration list for PBXNativeTarget "watchOS" */ = {
			isa = XCConfigurationList;
			buildConfigurations = (
				C743A49424A75F9E00AB5C36 /* Debug */,
				C743A49524A75F9E00AB5C36 /* Release */,
			);
			defaultConfigurationIsVisible = 0;
			defaultConfigurationName = Release;
		};
		C747025F24A6288000D0E9DA /* Build configuration list for PBXProject "MySwiftApp" */ = {
			isa = XCConfigurationList;
			buildConfigurations = (
				C747029024A6288200D0E9DA /* Debug */,
				C747029124A6288200D0E9DA /* Release */,
			);
			defaultConfigurationIsVisible = 0;
			defaultConfigurationName = Release;
		};
		C747029224A6288200D0E9DA /* Build configuration list for PBXNativeTarget "iOS" */ = {
			isa = XCConfigurationList;
			buildConfigurations = (
				C747029324A6288200D0E9DA /* Debug */,
				C747029424A6288200D0E9DA /* Release */,
			);
			defaultConfigurationIsVisible = 0;
			defaultConfigurationName = Release;
		};
		C747029524A6288200D0E9DA /* Build configuration list for PBXNativeTarget "macOS" */ = {
			isa = XCConfigurationList;
			buildConfigurations = (
				C747029624A6288200D0E9DA /* Debug */,
				C747029724A6288200D0E9DA /* Release */,
			);
			defaultConfigurationIsVisible = 0;
			defaultConfigurationName = Release;
		};
		C747029824A6288200D0E9DA /* Build configuration list for PBXNativeTarget "Tests iOS" */ = {
			isa = XCConfigurationList;
			buildConfigurations = (
				C747029924A6288200D0E9DA /* Debug */,
				C747029A24A6288200D0E9DA /* Release */,
			);
			defaultConfigurationIsVisible = 0;
			defaultConfigurationName = Release;
		};
		C747029B24A6288200D0E9DA /* Build configuration list for PBXNativeTarget "Tests macOS" */ = {
			isa = XCConfigurationList;
			buildConfigurations = (
				C747029C24A6288200D0E9DA /* Debug */,
				C747029D24A6288200D0E9DA /* Release */,
			);
			defaultConfigurationIsVisible = 0;
			defaultConfigurationName = Release;
		};
/* End XCConfigurationList section */
	};
	rootObject = C747025C24A6288000D0E9DA /* Project object */;
}
